// !$*UTF8*$!
{
	archiveVersion = 1;
	classes = {
	};
	objectVersion = 46;
	objects = {

/* Begin PBXBuildFile section */
		0163354D1C0F6F90005D2A68 /* ScheduleDetailsViewController.swift in Sources */ = {isa = PBXBuildFile; fileRef = 0163354C1C0F6F90005D2A68 /* ScheduleDetailsViewController.swift */; };
		01BD3D781C0E329700115D84 /* profs.json in Resources */ = {isa = PBXBuildFile; fileRef = 01BD3D701C0E329600115D84 /* profs.json */; };
		01BD3D791C0E329700115D84 /* Prof.swift in Sources */ = {isa = PBXBuildFile; fileRef = 01BD3D711C0E329600115D84 /* Prof.swift */; };
		01BD3D7C1C0E329700115D84 /* courses.json in Resources */ = {isa = PBXBuildFile; fileRef = 01BD3D741C0E329600115D84 /* courses.json */; };
		01BD3D851C0EA8F600115D84 /* CourseViewController.swift in Sources */ = {isa = PBXBuildFile; fileRef = 01BD3D811C0EA8F600115D84 /* CourseViewController.swift */; };
		01BD3D861C0EA8F600115D84 /* TutorialView.swift in Sources */ = {isa = PBXBuildFile; fileRef = 01BD3D821C0EA8F600115D84 /* TutorialView.swift */; };
		01BD3D871C0EA8F600115D84 /* LineView.swift in Sources */ = {isa = PBXBuildFile; fileRef = 01BD3D831C0EA8F600115D84 /* LineView.swift */; };
		01BD3D881C0EA8F600115D84 /* CoursePageView.swift in Sources */ = {isa = PBXBuildFile; fileRef = 01BD3D841C0EA8F600115D84 /* CoursePageView.swift */; };
		01BD3D8A1C0EB48500115D84 /* LectureView.swift in Sources */ = {isa = PBXBuildFile; fileRef = 01BD3D891C0EB48500115D84 /* LectureView.swift */; };
		5B3343B41CBC392700968B46 /* DescriptionHandler.swift in Sources */ = {isa = PBXBuildFile; fileRef = 5B3343B31CBC392700968B46 /* DescriptionHandler.swift */; };
		68E2F4AD19EEB80E97F91857 /* Pods_ScheduleBuilder.framework in Frameworks */ = {isa = PBXBuildFile; fileRef = CAEBD7C7C5C34DE3D53A717F /* Pods_ScheduleBuilder.framework */; };
		987E02B41C0C5B0B00766128 /* CourseCell.swift in Sources */ = {isa = PBXBuildFile; fileRef = 987E02B31C0C5B0B00766128 /* CourseCell.swift */; };
		98D830DF1C0E78D800FC1D63 /* FavouritesController.swift in Sources */ = {isa = PBXBuildFile; fileRef = 98D830DD1C0E78D800FC1D63 /* FavouritesController.swift */; };
		98D830E01C0E78D800FC1D63 /* FavouritesTableCell.swift in Sources */ = {isa = PBXBuildFile; fileRef = 98D830DE1C0E78D800FC1D63 /* FavouritesTableCell.swift */; };
		98D830E41C0EE6C300FC1D63 /* TabsViewController.swift in Sources */ = {isa = PBXBuildFile; fileRef = 98D830E31C0EE6C300FC1D63 /* TabsViewController.swift */; };
		ACE51F881CBB56FA002DDE6A /* courseOfferings.json in Resources */ = {isa = PBXBuildFile; fileRef = ACE51F871CBB56FA002DDE6A /* courseOfferings.json */; };
		ACFD0E8E1C9E4A0400F8D5C3 /* CourseCellData.swift in Sources */ = {isa = PBXBuildFile; fileRef = ACFD0E8D1C9E4A0400F8D5C3 /* CourseCellData.swift */; };
		D6242D9C1CBC73C5009B86AC /* SettingsSwitchTableViewCell.swift in Sources */ = {isa = PBXBuildFile; fileRef = D6242D9B1CBC73C5009B86AC /* SettingsSwitchTableViewCell.swift */; };
		D67409881CBC54EB001AA344 /* Feature1ViewController.swift in Sources */ = {isa = PBXBuildFile; fileRef = D67409871CBC54EB001AA344 /* Feature1ViewController.swift */; };
		D674098A1CBC5506001AA344 /* Feature2ViewController.swift in Sources */ = {isa = PBXBuildFile; fileRef = D67409891CBC5506001AA344 /* Feature2ViewController.swift */; };
		D674098C1CBC5510001AA344 /* Feature3ViewController.swift in Sources */ = {isa = PBXBuildFile; fileRef = D674098B1CBC5510001AA344 /* Feature3ViewController.swift */; };
		D674098E1CBC551A001AA344 /* Feature4ViewController.swift in Sources */ = {isa = PBXBuildFile; fileRef = D674098D1CBC551A001AA344 /* Feature4ViewController.swift */; };
		D67409901CBC5525001AA344 /* Feature5ViewController.swift in Sources */ = {isa = PBXBuildFile; fileRef = D674098F1CBC5525001AA344 /* Feature5ViewController.swift */; };
		D69879871C519FC700123D1F /* UserProfileViewController.swift in Sources */ = {isa = PBXBuildFile; fileRef = D69879861C519FC700123D1F /* UserProfileViewController.swift */; };
		D69879891C51B7D400123D1F /* LoginViewController.swift in Sources */ = {isa = PBXBuildFile; fileRef = D69879881C51B7D400123D1F /* LoginViewController.swift */; };
		D698798C1C52BEA200123D1F /* FeatureViewController.swift in Sources */ = {isa = PBXBuildFile; fileRef = D698798B1C52BEA200123D1F /* FeatureViewController.swift */; };
		D698798E1C52CF8C00123D1F /* FavouriteCourses.swift in Sources */ = {isa = PBXBuildFile; fileRef = D698798D1C52CF8C00123D1F /* FavouriteCourses.swift */; };
		D69879911C52D40C00123D1F /* FavouriteCourses+CoreDataProperties.swift in Sources */ = {isa = PBXBuildFile; fileRef = D698798F1C52D40C00123D1F /* FavouriteCourses+CoreDataProperties.swift */; };
		D6D48BB51C87579300C547DE /* UserProfileTableViewCell.swift in Sources */ = {isa = PBXBuildFile; fileRef = D6D48BB41C87579300C547DE /* UserProfileTableViewCell.swift */; };
		D6D72BE01C8147860016E6C9 /* Firebase.framework in Frameworks */ = {isa = PBXBuildFile; fileRef = D6D72BDF1C8147860016E6C9 /* Firebase.framework */; };
		D6D72BE21C8147C40016E6C9 /* libicucore.tbd in Frameworks */ = {isa = PBXBuildFile; fileRef = D6D72BE11C8147C40016E6C9 /* libicucore.tbd */; };
		D6D72BE41C8147D50016E6C9 /* libc++.tbd in Frameworks */ = {isa = PBXBuildFile; fileRef = D6D72BE31C8147D50016E6C9 /* libc++.tbd */; };
		D6D72BE61C8147E10016E6C9 /* CFNetwork.framework in Frameworks */ = {isa = PBXBuildFile; fileRef = D6D72BE51C8147E10016E6C9 /* CFNetwork.framework */; };
		D6D72BE81C8147EA0016E6C9 /* Security.framework in Frameworks */ = {isa = PBXBuildFile; fileRef = D6D72BE71C8147EA0016E6C9 /* Security.framework */; };
		D6D72BEA1C8147F30016E6C9 /* SystemConfiguration.framework in Frameworks */ = {isa = PBXBuildFile; fileRef = D6D72BE91C8147F30016E6C9 /* SystemConfiguration.framework */; };
		D6D72BEC1C82A46F0016E6C9 /* webAuthenticationViewController.swift in Sources */ = {isa = PBXBuildFile; fileRef = D6D72BEB1C82A46F0016E6C9 /* webAuthenticationViewController.swift */; };
		D6D72BEE1C82A9B00016E6C9 /* Constants.swift in Sources */ = {isa = PBXBuildFile; fileRef = D6D72BED1C82A9B00016E6C9 /* Constants.swift */; };
		D9057CAF1C0EBD900036D5D3 /* SchedulesTableViewController.swift in Sources */ = {isa = PBXBuildFile; fileRef = D9057CAC1C0EBD900036D5D3 /* SchedulesTableViewController.swift */; };
		D9057CB01C0EBD900036D5D3 /* ScheduleTableViewCell.swift in Sources */ = {isa = PBXBuildFile; fileRef = D9057CAD1C0EBD900036D5D3 /* ScheduleTableViewCell.swift */; };
		D9057CB11C0EBD900036D5D3 /* ScheduleView.swift in Sources */ = {isa = PBXBuildFile; fileRef = D9057CAE1C0EBD900036D5D3 /* ScheduleView.swift */; };
		D9235A811BE3C6D5007173C9 /* AppDelegate.swift in Sources */ = {isa = PBXBuildFile; fileRef = D9235A801BE3C6D5007173C9 /* AppDelegate.swift */; };
		D9235A891BE3C6D5007173C9 /* ScheduleBuilder.xcdatamodeld in Sources */ = {isa = PBXBuildFile; fileRef = D9235A871BE3C6D5007173C9 /* ScheduleBuilder.xcdatamodeld */; };
		D9235A8B1BE3C6D5007173C9 /* Assets.xcassets in Resources */ = {isa = PBXBuildFile; fileRef = D9235A8A1BE3C6D5007173C9 /* Assets.xcassets */; };
		D9235A8E1BE3C6D5007173C9 /* LaunchScreen.storyboard in Resources */ = {isa = PBXBuildFile; fileRef = D9235A8C1BE3C6D5007173C9 /* LaunchScreen.storyboard */; };
		D9235A991BE3C6D5007173C9 /* ScheduleBuilderTests.swift in Sources */ = {isa = PBXBuildFile; fileRef = D9235A981BE3C6D5007173C9 /* ScheduleBuilderTests.swift */; };
		D9235AA41BE3C6D5007173C9 /* ScheduleBuilderUITests.swift in Sources */ = {isa = PBXBuildFile; fileRef = D9235AA31BE3C6D5007173C9 /* ScheduleBuilderUITests.swift */; };
		D960F7951C77A268007B5E74 /* Course_new.swift in Sources */ = {isa = PBXBuildFile; fileRef = D960F78A1C77A268007B5E74 /* Course_new.swift */; };
		D960F7971C77A268007B5E74 /* courses_new.json in Resources */ = {isa = PBXBuildFile; fileRef = D960F78C1C77A268007B5E74 /* courses_new.json */; };
		D960F7981C77A268007B5E74 /* DataHandler.swift in Sources */ = {isa = PBXBuildFile; fileRef = D960F78D1C77A268007B5E74 /* DataHandler.swift */; };
		D960F7991C77A268007B5E74 /* Lab.swift in Sources */ = {isa = PBXBuildFile; fileRef = D960F78E1C77A268007B5E74 /* Lab.swift */; };
		D960F79A1C77A268007B5E74 /* Lecture.swift in Sources */ = {isa = PBXBuildFile; fileRef = D960F78F1C77A268007B5E74 /* Lecture.swift */; };
		D960F79C1C77A268007B5E74 /* PEntity.swift in Sources */ = {isa = PBXBuildFile; fileRef = D960F7911C77A268007B5E74 /* PEntity.swift */; };
		D960F79D1C77A268007B5E74 /* Periodic_new.swift in Sources */ = {isa = PBXBuildFile; fileRef = D960F7921C77A268007B5E74 /* Periodic_new.swift */; };
		D960F79E1C77A268007B5E74 /* ScheduleBuilder.swift in Sources */ = {isa = PBXBuildFile; fileRef = D960F7931C77A268007B5E74 /* ScheduleBuilder.swift */; };
		D960F79F1C77A268007B5E74 /* Tutorial.swift in Sources */ = {isa = PBXBuildFile; fileRef = D960F7941C77A268007B5E74 /* Tutorial.swift */; };
		D989DCDD1CD02A79005C58AD /* SettingsSemestersTableViewController.swift in Sources */ = {isa = PBXBuildFile; fileRef = D989DCDC1CD02A79005C58AD /* SettingsSemestersTableViewController.swift */; };
		D989DCDF1CD034EB005C58AD /* SettingsSemestersCell.swift in Sources */ = {isa = PBXBuildFile; fileRef = D989DCDE1CD034EB005C58AD /* SettingsSemestersCell.swift */; };
		D98C6E391C87DAC800FFB2A4 /* ScheduleBuilderViewController.swift in Sources */ = {isa = PBXBuildFile; fileRef = D98C6E361C87DAC800FFB2A4 /* ScheduleBuilderViewController.swift */; };
		D98C6E3A1C87DAC800FFB2A4 /* OfferingTableViewCell.swift in Sources */ = {isa = PBXBuildFile; fileRef = D98C6E371C87DAC800FFB2A4 /* OfferingTableViewCell.swift */; };
		D98C6E3B1C87DAC800FFB2A4 /* NewScheduleTableViewController.swift in Sources */ = {isa = PBXBuildFile; fileRef = D98C6E381C87DAC800FFB2A4 /* NewScheduleTableViewController.swift */; };
		D9BA66531C77A87100FACBED /* Time.swift in Sources */ = {isa = PBXBuildFile; fileRef = D9BA66521C77A87100FACBED /* Time.swift */; };
		D9BA66551C77A88D00FACBED /* Periodic.swift in Sources */ = {isa = PBXBuildFile; fileRef = D9BA66541C77A88D00FACBED /* Periodic.swift */; };
		D9BA66591C77AE7200FACBED /* Main.storyboard in Resources */ = {isa = PBXBuildFile; fileRef = D9BA66581C77AE7200FACBED /* Main.storyboard */; };
		D9BA665B1C77B33800FACBED /* blah.json in Resources */ = {isa = PBXBuildFile; fileRef = D9BA665A1C77B33800FACBED /* blah.json */; };
		D9CC10631C27EAB200E23F60 /* WelcomePageViewController.swift in Sources */ = {isa = PBXBuildFile; fileRef = D9CC10621C27EAB200E23F60 /* WelcomePageViewController.swift */; };
		D9D666821CBCB06300123A5E /* OfferingView.swift in Sources */ = {isa = PBXBuildFile; fileRef = D9D666811CBCB06300123A5E /* OfferingView.swift */; };
		D9EC79F11C0E3C0500A0FEF9 /* MainTabBar.swift in Sources */ = {isa = PBXBuildFile; fileRef = D9EC79F01C0E3C0500A0FEF9 /* MainTabBar.swift */; };
		D9EC79F31C0E3F8C00A0FEF9 /* DepartmentsTableViewController.swift in Sources */ = {isa = PBXBuildFile; fileRef = D9EC79F21C0E3F8C00A0FEF9 /* DepartmentsTableViewController.swift */; };
		D9EC79F51C0E41D700A0FEF9 /* DepartmentTableViewCell.swift in Sources */ = {isa = PBXBuildFile; fileRef = D9EC79F41C0E41D700A0FEF9 /* DepartmentTableViewCell.swift */; };
		D9EC79F71C0E442C00A0FEF9 /* DepartmentTableViewController.swift in Sources */ = {isa = PBXBuildFile; fileRef = D9EC79F61C0E442C00A0FEF9 /* DepartmentTableViewController.swift */; };
		D9EC79F91C0E4A0900A0FEF9 /* CourseTableViewCell.swift in Sources */ = {isa = PBXBuildFile; fileRef = D9EC79F81C0E4A0900A0FEF9 /* CourseTableViewCell.swift */; };
		D9F8AFE71CBC5913006CADAC /* SettingsTableViewController.swift in Sources */ = {isa = PBXBuildFile; fileRef = D9F8AFE61CBC5913006CADAC /* SettingsTableViewController.swift */; };
		D9F8AFE91CBC5D4B006CADAC /* SettingsDetailsCell.swift in Sources */ = {isa = PBXBuildFile; fileRef = D9F8AFE81CBC5D4B006CADAC /* SettingsDetailsCell.swift */; };
		D9F8AFF71CBC8473006CADAC /* SettingsDepartmentsTableViewController.swift in Sources */ = {isa = PBXBuildFile; fileRef = D9F8AFF61CBC8473006CADAC /* SettingsDepartmentsTableViewController.swift */; };
		D9F8AFF91CBC85E3006CADAC /* SettingsDepartmentCell.swift in Sources */ = {isa = PBXBuildFile; fileRef = D9F8AFF81CBC85E3006CADAC /* SettingsDepartmentCell.swift */; };
/* End PBXBuildFile section */

/* Begin PBXContainerItemProxy section */
		D9235A951BE3C6D5007173C9 /* PBXContainerItemProxy */ = {
			isa = PBXContainerItemProxy;
			containerPortal = D9235A751BE3C6D5007173C9 /* Project object */;
			proxyType = 1;
			remoteGlobalIDString = D9235A7C1BE3C6D5007173C9;
			remoteInfo = ScheduleBuilder;
		};
		D9235AA01BE3C6D5007173C9 /* PBXContainerItemProxy */ = {
			isa = PBXContainerItemProxy;
			containerPortal = D9235A751BE3C6D5007173C9 /* Project object */;
			proxyType = 1;
			remoteGlobalIDString = D9235A7C1BE3C6D5007173C9;
			remoteInfo = ScheduleBuilder;
		};
/* End PBXContainerItemProxy section */

/* Begin PBXFileReference section */
		0163354C1C0F6F90005D2A68 /* ScheduleDetailsViewController.swift */ = {isa = PBXFileReference; fileEncoding = 4; lastKnownFileType = sourcecode.swift; path = ScheduleDetailsViewController.swift; sourceTree = "<group>"; };
		01BD3D701C0E329600115D84 /* profs.json */ = {isa = PBXFileReference; fileEncoding = 4; lastKnownFileType = text.json; path = profs.json; sourceTree = "<group>"; };
		01BD3D711C0E329600115D84 /* Prof.swift */ = {isa = PBXFileReference; fileEncoding = 4; lastKnownFileType = sourcecode.swift; path = Prof.swift; sourceTree = "<group>"; };
		01BD3D741C0E329600115D84 /* courses.json */ = {isa = PBXFileReference; fileEncoding = 4; lastKnownFileType = text.json; path = courses.json; sourceTree = "<group>"; };
		01BD3D811C0EA8F600115D84 /* CourseViewController.swift */ = {isa = PBXFileReference; fileEncoding = 4; lastKnownFileType = sourcecode.swift; path = CourseViewController.swift; sourceTree = "<group>"; };
		01BD3D821C0EA8F600115D84 /* TutorialView.swift */ = {isa = PBXFileReference; fileEncoding = 4; lastKnownFileType = sourcecode.swift; path = TutorialView.swift; sourceTree = "<group>"; };
		01BD3D831C0EA8F600115D84 /* LineView.swift */ = {isa = PBXFileReference; fileEncoding = 4; lastKnownFileType = sourcecode.swift; path = LineView.swift; sourceTree = "<group>"; };
		01BD3D841C0EA8F600115D84 /* CoursePageView.swift */ = {isa = PBXFileReference; fileEncoding = 4; lastKnownFileType = sourcecode.swift; path = CoursePageView.swift; sourceTree = "<group>"; };
		01BD3D891C0EB48500115D84 /* LectureView.swift */ = {isa = PBXFileReference; fileEncoding = 4; lastKnownFileType = sourcecode.swift; path = LectureView.swift; sourceTree = "<group>"; };
		122A86C1B1B358A6A02B0A2E /* Pods-ScheduleBuilder.release.xcconfig */ = {isa = PBXFileReference; includeInIndex = 1; lastKnownFileType = text.xcconfig; name = "Pods-ScheduleBuilder.release.xcconfig"; path = "Pods/Target Support Files/Pods-ScheduleBuilder/Pods-ScheduleBuilder.release.xcconfig"; sourceTree = "<group>"; };
		5B3343B31CBC392700968B46 /* DescriptionHandler.swift */ = {isa = PBXFileReference; fileEncoding = 4; lastKnownFileType = sourcecode.swift; path = DescriptionHandler.swift; sourceTree = "<group>"; };
		9556DA509FA8CF720F700725 /* Pods-ScheduleBuilder.debug.xcconfig */ = {isa = PBXFileReference; includeInIndex = 1; lastKnownFileType = text.xcconfig; name = "Pods-ScheduleBuilder.debug.xcconfig"; path = "Pods/Target Support Files/Pods-ScheduleBuilder/Pods-ScheduleBuilder.debug.xcconfig"; sourceTree = "<group>"; };
		987E02B31C0C5B0B00766128 /* CourseCell.swift */ = {isa = PBXFileReference; fileEncoding = 4; lastKnownFileType = sourcecode.swift; name = CourseCell.swift; path = Controllers/CourseCell.swift; sourceTree = "<group>"; };
		98D830DD1C0E78D800FC1D63 /* FavouritesController.swift */ = {isa = PBXFileReference; fileEncoding = 4; lastKnownFileType = sourcecode.swift; path = FavouritesController.swift; sourceTree = "<group>"; };
		98D830DE1C0E78D800FC1D63 /* FavouritesTableCell.swift */ = {isa = PBXFileReference; fileEncoding = 4; lastKnownFileType = sourcecode.swift; path = FavouritesTableCell.swift; sourceTree = "<group>"; };
		98D830E31C0EE6C300FC1D63 /* TabsViewController.swift */ = {isa = PBXFileReference; fileEncoding = 4; lastKnownFileType = sourcecode.swift; path = TabsViewController.swift; sourceTree = "<group>"; };
		ACE51F871CBB56FA002DDE6A /* courseOfferings.json */ = {isa = PBXFileReference; fileEncoding = 4; lastKnownFileType = text.json; path = courseOfferings.json; sourceTree = "<group>"; };
		ACFD0E8D1C9E4A0400F8D5C3 /* CourseCellData.swift */ = {isa = PBXFileReference; fileEncoding = 4; lastKnownFileType = sourcecode.swift; path = CourseCellData.swift; sourceTree = "<group>"; };
		CAEBD7C7C5C34DE3D53A717F /* Pods_ScheduleBuilder.framework */ = {isa = PBXFileReference; explicitFileType = wrapper.framework; includeInIndex = 0; path = Pods_ScheduleBuilder.framework; sourceTree = BUILT_PRODUCTS_DIR; };
		D6242D9B1CBC73C5009B86AC /* SettingsSwitchTableViewCell.swift */ = {isa = PBXFileReference; fileEncoding = 4; lastKnownFileType = sourcecode.swift; path = SettingsSwitchTableViewCell.swift; sourceTree = "<group>"; };
		D67409871CBC54EB001AA344 /* Feature1ViewController.swift */ = {isa = PBXFileReference; fileEncoding = 4; lastKnownFileType = sourcecode.swift; path = Feature1ViewController.swift; sourceTree = "<group>"; };
		D67409891CBC5506001AA344 /* Feature2ViewController.swift */ = {isa = PBXFileReference; fileEncoding = 4; lastKnownFileType = sourcecode.swift; path = Feature2ViewController.swift; sourceTree = "<group>"; };
		D674098B1CBC5510001AA344 /* Feature3ViewController.swift */ = {isa = PBXFileReference; fileEncoding = 4; lastKnownFileType = sourcecode.swift; path = Feature3ViewController.swift; sourceTree = "<group>"; };
		D674098D1CBC551A001AA344 /* Feature4ViewController.swift */ = {isa = PBXFileReference; fileEncoding = 4; lastKnownFileType = sourcecode.swift; path = Feature4ViewController.swift; sourceTree = "<group>"; };
		D674098F1CBC5525001AA344 /* Feature5ViewController.swift */ = {isa = PBXFileReference; fileEncoding = 4; lastKnownFileType = sourcecode.swift; path = Feature5ViewController.swift; sourceTree = "<group>"; };
		D69879861C519FC700123D1F /* UserProfileViewController.swift */ = {isa = PBXFileReference; fileEncoding = 4; lastKnownFileType = sourcecode.swift; path = UserProfileViewController.swift; sourceTree = "<group>"; };
		D69879881C51B7D400123D1F /* LoginViewController.swift */ = {isa = PBXFileReference; fileEncoding = 4; lastKnownFileType = sourcecode.swift; path = LoginViewController.swift; sourceTree = "<group>"; };
		D698798B1C52BEA200123D1F /* FeatureViewController.swift */ = {isa = PBXFileReference; fileEncoding = 4; lastKnownFileType = sourcecode.swift; path = FeatureViewController.swift; sourceTree = "<group>"; };
		D698798D1C52CF8C00123D1F /* FavouriteCourses.swift */ = {isa = PBXFileReference; fileEncoding = 4; lastKnownFileType = sourcecode.swift; name = FavouriteCourses.swift; path = Controllers/FavouriteCourses.swift; sourceTree = "<group>"; };
		D698798F1C52D40C00123D1F /* FavouriteCourses+CoreDataProperties.swift */ = {isa = PBXFileReference; fileEncoding = 4; lastKnownFileType = sourcecode.swift; name = "FavouriteCourses+CoreDataProperties.swift"; path = "../FavouriteCourses+CoreDataProperties.swift"; sourceTree = "<group>"; };
		D6D48BB41C87579300C547DE /* UserProfileTableViewCell.swift */ = {isa = PBXFileReference; fileEncoding = 4; lastKnownFileType = sourcecode.swift; path = UserProfileTableViewCell.swift; sourceTree = "<group>"; };
		D6D72BDF1C8147860016E6C9 /* Firebase.framework */ = {isa = PBXFileReference; lastKnownFileType = wrapper.framework; path = Firebase.framework; sourceTree = "<group>"; };
		D6D72BE11C8147C40016E6C9 /* libicucore.tbd */ = {isa = PBXFileReference; lastKnownFileType = "sourcecode.text-based-dylib-definition"; name = libicucore.tbd; path = usr/lib/libicucore.tbd; sourceTree = SDKROOT; };
		D6D72BE31C8147D50016E6C9 /* libc++.tbd */ = {isa = PBXFileReference; lastKnownFileType = "sourcecode.text-based-dylib-definition"; name = "libc++.tbd"; path = "usr/lib/libc++.tbd"; sourceTree = SDKROOT; };
		D6D72BE51C8147E10016E6C9 /* CFNetwork.framework */ = {isa = PBXFileReference; lastKnownFileType = wrapper.framework; name = CFNetwork.framework; path = System/Library/Frameworks/CFNetwork.framework; sourceTree = SDKROOT; };
		D6D72BE71C8147EA0016E6C9 /* Security.framework */ = {isa = PBXFileReference; lastKnownFileType = wrapper.framework; name = Security.framework; path = System/Library/Frameworks/Security.framework; sourceTree = SDKROOT; };
		D6D72BE91C8147F30016E6C9 /* SystemConfiguration.framework */ = {isa = PBXFileReference; lastKnownFileType = wrapper.framework; name = SystemConfiguration.framework; path = System/Library/Frameworks/SystemConfiguration.framework; sourceTree = SDKROOT; };
		D6D72BEB1C82A46F0016E6C9 /* webAuthenticationViewController.swift */ = {isa = PBXFileReference; fileEncoding = 4; lastKnownFileType = sourcecode.swift; path = webAuthenticationViewController.swift; sourceTree = "<group>"; };
		D6D72BED1C82A9B00016E6C9 /* Constants.swift */ = {isa = PBXFileReference; fileEncoding = 4; lastKnownFileType = sourcecode.swift; path = Constants.swift; sourceTree = "<group>"; };
		D9057CAC1C0EBD900036D5D3 /* SchedulesTableViewController.swift */ = {isa = PBXFileReference; fileEncoding = 4; lastKnownFileType = sourcecode.swift; path = SchedulesTableViewController.swift; sourceTree = "<group>"; };
		D9057CAD1C0EBD900036D5D3 /* ScheduleTableViewCell.swift */ = {isa = PBXFileReference; fileEncoding = 4; lastKnownFileType = sourcecode.swift; path = ScheduleTableViewCell.swift; sourceTree = "<group>"; };
		D9057CAE1C0EBD900036D5D3 /* ScheduleView.swift */ = {isa = PBXFileReference; fileEncoding = 4; lastKnownFileType = sourcecode.swift; path = ScheduleView.swift; sourceTree = "<group>"; };
		D9235A7D1BE3C6D5007173C9 /* ScheduleBuilder.app */ = {isa = PBXFileReference; explicitFileType = wrapper.application; includeInIndex = 0; path = ScheduleBuilder.app; sourceTree = BUILT_PRODUCTS_DIR; };
		D9235A801BE3C6D5007173C9 /* AppDelegate.swift */ = {isa = PBXFileReference; lastKnownFileType = sourcecode.swift; path = AppDelegate.swift; sourceTree = "<group>"; };
		D9235A881BE3C6D5007173C9 /* ScheduleBuilder.xcdatamodel */ = {isa = PBXFileReference; lastKnownFileType = wrapper.xcdatamodel; path = ScheduleBuilder.xcdatamodel; sourceTree = "<group>"; };
		D9235A8A1BE3C6D5007173C9 /* Assets.xcassets */ = {isa = PBXFileReference; lastKnownFileType = folder.assetcatalog; path = Assets.xcassets; sourceTree = "<group>"; };
		D9235A8D1BE3C6D5007173C9 /* Base */ = {isa = PBXFileReference; lastKnownFileType = file.storyboard; name = Base; path = Base.lproj/LaunchScreen.storyboard; sourceTree = "<group>"; };
		D9235A8F1BE3C6D5007173C9 /* Info.plist */ = {isa = PBXFileReference; lastKnownFileType = text.plist.xml; path = Info.plist; sourceTree = "<group>"; };
		D9235A941BE3C6D5007173C9 /* ScheduleBuilderTests.xctest */ = {isa = PBXFileReference; explicitFileType = wrapper.cfbundle; includeInIndex = 0; path = ScheduleBuilderTests.xctest; sourceTree = BUILT_PRODUCTS_DIR; };
		D9235A981BE3C6D5007173C9 /* ScheduleBuilderTests.swift */ = {isa = PBXFileReference; lastKnownFileType = sourcecode.swift; path = ScheduleBuilderTests.swift; sourceTree = "<group>"; };
		D9235A9A1BE3C6D5007173C9 /* Info.plist */ = {isa = PBXFileReference; lastKnownFileType = text.plist.xml; path = Info.plist; sourceTree = "<group>"; };
		D9235A9F1BE3C6D5007173C9 /* ScheduleBuilderUITests.xctest */ = {isa = PBXFileReference; explicitFileType = wrapper.cfbundle; includeInIndex = 0; path = ScheduleBuilderUITests.xctest; sourceTree = BUILT_PRODUCTS_DIR; };
		D9235AA31BE3C6D5007173C9 /* ScheduleBuilderUITests.swift */ = {isa = PBXFileReference; lastKnownFileType = sourcecode.swift; path = ScheduleBuilderUITests.swift; sourceTree = "<group>"; };
		D9235AA51BE3C6D5007173C9 /* Info.plist */ = {isa = PBXFileReference; lastKnownFileType = text.plist.xml; path = Info.plist; sourceTree = "<group>"; };
		D960F78A1C77A268007B5E74 /* Course_new.swift */ = {isa = PBXFileReference; fileEncoding = 4; lastKnownFileType = sourcecode.swift; path = Course_new.swift; sourceTree = "<group>"; };
		D960F78C1C77A268007B5E74 /* courses_new.json */ = {isa = PBXFileReference; fileEncoding = 4; lastKnownFileType = text.json; path = courses_new.json; sourceTree = "<group>"; };
		D960F78D1C77A268007B5E74 /* DataHandler.swift */ = {isa = PBXFileReference; fileEncoding = 4; lastKnownFileType = sourcecode.swift; path = DataHandler.swift; sourceTree = "<group>"; };
		D960F78E1C77A268007B5E74 /* Lab.swift */ = {isa = PBXFileReference; fileEncoding = 4; lastKnownFileType = sourcecode.swift; path = Lab.swift; sourceTree = "<group>"; };
		D960F78F1C77A268007B5E74 /* Lecture.swift */ = {isa = PBXFileReference; fileEncoding = 4; lastKnownFileType = sourcecode.swift; path = Lecture.swift; sourceTree = "<group>"; };
		D960F7911C77A268007B5E74 /* PEntity.swift */ = {isa = PBXFileReference; fileEncoding = 4; lastKnownFileType = sourcecode.swift; path = PEntity.swift; sourceTree = "<group>"; };
		D960F7921C77A268007B5E74 /* Periodic_new.swift */ = {isa = PBXFileReference; fileEncoding = 4; lastKnownFileType = sourcecode.swift; path = Periodic_new.swift; sourceTree = "<group>"; };
		D960F7931C77A268007B5E74 /* ScheduleBuilder.swift */ = {isa = PBXFileReference; fileEncoding = 4; lastKnownFileType = sourcecode.swift; path = ScheduleBuilder.swift; sourceTree = "<group>"; };
		D960F7941C77A268007B5E74 /* Tutorial.swift */ = {isa = PBXFileReference; fileEncoding = 4; lastKnownFileType = sourcecode.swift; path = Tutorial.swift; sourceTree = "<group>"; };
		D989DCDC1CD02A79005C58AD /* SettingsSemestersTableViewController.swift */ = {isa = PBXFileReference; fileEncoding = 4; lastKnownFileType = sourcecode.swift; path = SettingsSemestersTableViewController.swift; sourceTree = "<group>"; };
		D989DCDE1CD034EB005C58AD /* SettingsSemestersCell.swift */ = {isa = PBXFileReference; fileEncoding = 4; lastKnownFileType = sourcecode.swift; path = SettingsSemestersCell.swift; sourceTree = "<group>"; };
		D98C6E361C87DAC800FFB2A4 /* ScheduleBuilderViewController.swift */ = {isa = PBXFileReference; fileEncoding = 4; lastKnownFileType = sourcecode.swift; path = ScheduleBuilderViewController.swift; sourceTree = "<group>"; };
		D98C6E371C87DAC800FFB2A4 /* OfferingTableViewCell.swift */ = {isa = PBXFileReference; fileEncoding = 4; lastKnownFileType = sourcecode.swift; path = OfferingTableViewCell.swift; sourceTree = "<group>"; };
		D98C6E381C87DAC800FFB2A4 /* NewScheduleTableViewController.swift */ = {isa = PBXFileReference; fileEncoding = 4; lastKnownFileType = sourcecode.swift; path = NewScheduleTableViewController.swift; sourceTree = "<group>"; };
		D9BA66521C77A87100FACBED /* Time.swift */ = {isa = PBXFileReference; fileEncoding = 4; lastKnownFileType = sourcecode.swift; path = Time.swift; sourceTree = "<group>"; };
		D9BA66541C77A88D00FACBED /* Periodic.swift */ = {isa = PBXFileReference; fileEncoding = 4; lastKnownFileType = sourcecode.swift; path = Periodic.swift; sourceTree = "<group>"; };
		D9BA66581C77AE7200FACBED /* Main.storyboard */ = {isa = PBXFileReference; fileEncoding = 4; lastKnownFileType = file.storyboard; path = Main.storyboard; sourceTree = "<group>"; };
		D9BA665A1C77B33800FACBED /* blah.json */ = {isa = PBXFileReference; fileEncoding = 4; lastKnownFileType = text.json; path = blah.json; sourceTree = "<group>"; };
		D9CC10621C27EAB200E23F60 /* WelcomePageViewController.swift */ = {isa = PBXFileReference; fileEncoding = 4; lastKnownFileType = sourcecode.swift; name = WelcomePageViewController.swift; path = ../WelcomePageViewController.swift; sourceTree = "<group>"; };
		D9D666811CBCB06300123A5E /* OfferingView.swift */ = {isa = PBXFileReference; fileEncoding = 4; lastKnownFileType = sourcecode.swift; path = OfferingView.swift; sourceTree = "<group>"; };
		D9EC79F01C0E3C0500A0FEF9 /* MainTabBar.swift */ = {isa = PBXFileReference; fileEncoding = 4; lastKnownFileType = sourcecode.swift; path = MainTabBar.swift; sourceTree = "<group>"; };
		D9EC79F21C0E3F8C00A0FEF9 /* DepartmentsTableViewController.swift */ = {isa = PBXFileReference; fileEncoding = 4; lastKnownFileType = sourcecode.swift; path = DepartmentsTableViewController.swift; sourceTree = "<group>"; };
		D9EC79F41C0E41D700A0FEF9 /* DepartmentTableViewCell.swift */ = {isa = PBXFileReference; fileEncoding = 4; lastKnownFileType = sourcecode.swift; path = DepartmentTableViewCell.swift; sourceTree = "<group>"; };
		D9EC79F61C0E442C00A0FEF9 /* DepartmentTableViewController.swift */ = {isa = PBXFileReference; fileEncoding = 4; lastKnownFileType = sourcecode.swift; path = DepartmentTableViewController.swift; sourceTree = "<group>"; };
		D9EC79F81C0E4A0900A0FEF9 /* CourseTableViewCell.swift */ = {isa = PBXFileReference; fileEncoding = 4; lastKnownFileType = sourcecode.swift; path = CourseTableViewCell.swift; sourceTree = "<group>"; };
		D9F8AFE61CBC5913006CADAC /* SettingsTableViewController.swift */ = {isa = PBXFileReference; fileEncoding = 4; lastKnownFileType = sourcecode.swift; path = SettingsTableViewController.swift; sourceTree = "<group>"; };
		D9F8AFE81CBC5D4B006CADAC /* SettingsDetailsCell.swift */ = {isa = PBXFileReference; fileEncoding = 4; lastKnownFileType = sourcecode.swift; path = SettingsDetailsCell.swift; sourceTree = "<group>"; };
		D9F8AFF61CBC8473006CADAC /* SettingsDepartmentsTableViewController.swift */ = {isa = PBXFileReference; fileEncoding = 4; lastKnownFileType = sourcecode.swift; path = SettingsDepartmentsTableViewController.swift; sourceTree = "<group>"; };
		D9F8AFF81CBC85E3006CADAC /* SettingsDepartmentCell.swift */ = {isa = PBXFileReference; fileEncoding = 4; lastKnownFileType = sourcecode.swift; path = SettingsDepartmentCell.swift; sourceTree = "<group>"; };
/* End PBXFileReference section */

/* Begin PBXFrameworksBuildPhase section */
		D9235A7A1BE3C6D5007173C9 /* Frameworks */ = {
			isa = PBXFrameworksBuildPhase;
			buildActionMask = 2147483647;
			files = (
				D6D72BEA1C8147F30016E6C9 /* SystemConfiguration.framework in Frameworks */,
				D6D72BE81C8147EA0016E6C9 /* Security.framework in Frameworks */,
				D6D72BE61C8147E10016E6C9 /* CFNetwork.framework in Frameworks */,
				D6D72BE41C8147D50016E6C9 /* libc++.tbd in Frameworks */,
				D6D72BE21C8147C40016E6C9 /* libicucore.tbd in Frameworks */,
				68E2F4AD19EEB80E97F91857 /* Pods_ScheduleBuilder.framework in Frameworks */,
				D6D72BE01C8147860016E6C9 /* Firebase.framework in Frameworks */,
			);
			runOnlyForDeploymentPostprocessing = 0;
		};
		D9235A911BE3C6D5007173C9 /* Frameworks */ = {
			isa = PBXFrameworksBuildPhase;
			buildActionMask = 2147483647;
			files = (
			);
			runOnlyForDeploymentPostprocessing = 0;
		};
		D9235A9C1BE3C6D5007173C9 /* Frameworks */ = {
			isa = PBXFrameworksBuildPhase;
			buildActionMask = 2147483647;
			files = (
			);
			runOnlyForDeploymentPostprocessing = 0;
		};
/* End PBXFrameworksBuildPhase section */

/* Begin PBXGroup section */
		0C9B0FAD49BE3238430BEB6F /* Frameworks */ = {
			isa = PBXGroup;
			children = (
				D6D72BE91C8147F30016E6C9 /* SystemConfiguration.framework */,
				D6D72BE71C8147EA0016E6C9 /* Security.framework */,
				D6D72BE51C8147E10016E6C9 /* CFNetwork.framework */,
				D6D72BE31C8147D50016E6C9 /* libc++.tbd */,
				D6D72BE11C8147C40016E6C9 /* libicucore.tbd */,
				CAEBD7C7C5C34DE3D53A717F /* Pods_ScheduleBuilder.framework */,
			);
			name = Frameworks;
			sourceTree = "<group>";
		};
		2354EB2D03B9191847F0CB2A /* Pods */ = {
			isa = PBXGroup;
			children = (
				9556DA509FA8CF720F700725 /* Pods-ScheduleBuilder.debug.xcconfig */,
				122A86C1B1B358A6A02B0A2E /* Pods-ScheduleBuilder.release.xcconfig */,
			);
			name = Pods;
			sourceTree = "<group>";
		};
		D69879851C519F9B00123D1F /* SettingsTab */ = {
			isa = PBXGroup;
			children = (
				D69879861C519FC700123D1F /* UserProfileViewController.swift */,
				D6D48BB41C87579300C547DE /* UserProfileTableViewCell.swift */,
				D69879881C51B7D400123D1F /* LoginViewController.swift */,
				D6D72BEB1C82A46F0016E6C9 /* webAuthenticationViewController.swift */,
				D6D72BED1C82A9B00016E6C9 /* Constants.swift */,
				D9F8AFE61CBC5913006CADAC /* SettingsTableViewController.swift */,
				D9F8AFE81CBC5D4B006CADAC /* SettingsDetailsCell.swift */,
				D989DCDE1CD034EB005C58AD /* SettingsSemestersCell.swift */,
				D6242D9B1CBC73C5009B86AC /* SettingsSwitchTableViewCell.swift */,
				D9F8AFF61CBC8473006CADAC /* SettingsDepartmentsTableViewController.swift */,
				D989DCDC1CD02A79005C58AD /* SettingsSemestersTableViewController.swift */,
				D9F8AFF81CBC85E3006CADAC /* SettingsDepartmentCell.swift */,
			);
			name = SettingsTab;
			sourceTree = "<group>";
		};
		D698798A1C52BE7E00123D1F /* FeatureTab */ = {
			isa = PBXGroup;
			children = (
				D698798B1C52BEA200123D1F /* FeatureViewController.swift */,
				D67409871CBC54EB001AA344 /* Feature1ViewController.swift */,
				D67409891CBC5506001AA344 /* Feature2ViewController.swift */,
				D674098B1CBC5510001AA344 /* Feature3ViewController.swift */,
				D674098D1CBC551A001AA344 /* Feature4ViewController.swift */,
				D674098F1CBC5525001AA344 /* Feature5ViewController.swift */,
			);
			name = FeatureTab;
			sourceTree = "<group>";
		};
		D9057CB21C0EC2230036D5D3 /* SchedulesTab */ = {
			isa = PBXGroup;
			children = (
				D9057CAC1C0EBD900036D5D3 /* SchedulesTableViewController.swift */,
				D9057CAD1C0EBD900036D5D3 /* ScheduleTableViewCell.swift */,
				D9057CAE1C0EBD900036D5D3 /* ScheduleView.swift */,
				D98C6E361C87DAC800FFB2A4 /* ScheduleBuilderViewController.swift */,
				D98C6E371C87DAC800FFB2A4 /* OfferingTableViewCell.swift */,
				D98C6E381C87DAC800FFB2A4 /* NewScheduleTableViewController.swift */,
				0163354C1C0F6F90005D2A68 /* ScheduleDetailsViewController.swift */,
			);
			name = SchedulesTab;
			sourceTree = "<group>";
		};
		D9057CB31C0EC2550036D5D3 /* Data */ = {
			isa = PBXGroup;
			children = (
				D960F78A1C77A268007B5E74 /* Course_new.swift */,
				5B3343B31CBC392700968B46 /* DescriptionHandler.swift */,
				D960F78C1C77A268007B5E74 /* courses_new.json */,
				01BD3D741C0E329600115D84 /* courses.json */,
				D960F78D1C77A268007B5E74 /* DataHandler.swift */,
				D960F78E1C77A268007B5E74 /* Lab.swift */,
				ACE51F871CBB56FA002DDE6A /* courseOfferings.json */,
				D960F78F1C77A268007B5E74 /* Lecture.swift */,
				D960F7911C77A268007B5E74 /* PEntity.swift */,
				D9BA66541C77A88D00FACBED /* Periodic.swift */,
				D960F7921C77A268007B5E74 /* Periodic_new.swift */,
				01BD3D711C0E329600115D84 /* Prof.swift */,
				01BD3D701C0E329600115D84 /* profs.json */,
				D960F7931C77A268007B5E74 /* ScheduleBuilder.swift */,
				D9BA66521C77A87100FACBED /* Time.swift */,
				D960F7941C77A268007B5E74 /* Tutorial.swift */,
				D9BA665A1C77B33800FACBED /* blah.json */,
				ACFD0E8D1C9E4A0400F8D5C3 /* CourseCellData.swift */,
			);
			name = Data;
			sourceTree = "<group>";
		};
		D9057CB41C0EC2D30036D5D3 /* FavouritesTab */ = {
			isa = PBXGroup;
			children = (
				98D830DD1C0E78D800FC1D63 /* FavouritesController.swift */,
				98D830DE1C0E78D800FC1D63 /* FavouritesTableCell.swift */,
				D698798F1C52D40C00123D1F /* FavouriteCourses+CoreDataProperties.swift */,
				D698798D1C52CF8C00123D1F /* FavouriteCourses.swift */,
			);
			name = FavouritesTab;
			sourceTree = "<group>";
		};
		D9057CB51C0EC3030036D5D3 /* CoursesTab */ = {
			isa = PBXGroup;
			children = (
				01BD3D811C0EA8F600115D84 /* CourseViewController.swift */,
				01BD3D841C0EA8F600115D84 /* CoursePageView.swift */,
				D9EC79F81C0E4A0900A0FEF9 /* CourseTableViewCell.swift */,
				987E02B31C0C5B0B00766128 /* CourseCell.swift */,
				D9EC79F61C0E442C00A0FEF9 /* DepartmentTableViewController.swift */,
				D9EC79F21C0E3F8C00A0FEF9 /* DepartmentsTableViewController.swift */,
				D9EC79F41C0E41D700A0FEF9 /* DepartmentTableViewCell.swift */,
				01BD3D891C0EB48500115D84 /* LectureView.swift */,
				01BD3D831C0EA8F600115D84 /* LineView.swift */,
				01BD3D821C0EA8F600115D84 /* TutorialView.swift */,
				D9D666811CBCB06300123A5E /* OfferingView.swift */,
			);
			name = CoursesTab;
			sourceTree = "<group>";
		};
		D9235A741BE3C6D5007173C9 = {
			isa = PBXGroup;
			children = (
				D6D72BDF1C8147860016E6C9 /* Firebase.framework */,
				D9235A7F1BE3C6D5007173C9 /* ScheduleBuilder */,
				D9235A971BE3C6D5007173C9 /* ScheduleBuilderTests */,
				D9235AA21BE3C6D5007173C9 /* ScheduleBuilderUITests */,
				D9235A7E1BE3C6D5007173C9 /* Products */,
				2354EB2D03B9191847F0CB2A /* Pods */,
				0C9B0FAD49BE3238430BEB6F /* Frameworks */,
			);
			sourceTree = "<group>";
		};
		D9235A7E1BE3C6D5007173C9 /* Products */ = {
			isa = PBXGroup;
			children = (
				D9235A7D1BE3C6D5007173C9 /* ScheduleBuilder.app */,
				D9235A941BE3C6D5007173C9 /* ScheduleBuilderTests.xctest */,
				D9235A9F1BE3C6D5007173C9 /* ScheduleBuilderUITests.xctest */,
			);
			name = Products;
			sourceTree = "<group>";
		};
		D9235A7F1BE3C6D5007173C9 /* ScheduleBuilder */ = {
			isa = PBXGroup;
			children = (
				D9BA66581C77AE7200FACBED /* Main.storyboard */,
				D69879851C519F9B00123D1F /* SettingsTab */,
				D698798A1C52BE7E00123D1F /* FeatureTab */,
				D9057CB31C0EC2550036D5D3 /* Data */,
				D9057CB51C0EC3030036D5D3 /* CoursesTab */,
				D9057CB21C0EC2230036D5D3 /* SchedulesTab */,
				D9057CB41C0EC2D30036D5D3 /* FavouritesTab */,
				D9235A8A1BE3C6D5007173C9 /* Assets.xcassets */,
				D9235A801BE3C6D5007173C9 /* AppDelegate.swift */,
				D9EC79F01C0E3C0500A0FEF9 /* MainTabBar.swift */,
				98D830E31C0EE6C300FC1D63 /* TabsViewController.swift */,
				D9CC10621C27EAB200E23F60 /* WelcomePageViewController.swift */,
				D9235A8C1BE3C6D5007173C9 /* LaunchScreen.storyboard */,
				D9235A8F1BE3C6D5007173C9 /* Info.plist */,
				D9235A871BE3C6D5007173C9 /* ScheduleBuilder.xcdatamodeld */,
			);
			path = ScheduleBuilder;
			sourceTree = "<group>";
		};
		D9235A971BE3C6D5007173C9 /* ScheduleBuilderTests */ = {
			isa = PBXGroup;
			children = (
				D9235A981BE3C6D5007173C9 /* ScheduleBuilderTests.swift */,
				D9235A9A1BE3C6D5007173C9 /* Info.plist */,
			);
			path = ScheduleBuilderTests;
			sourceTree = "<group>";
		};
		D9235AA21BE3C6D5007173C9 /* ScheduleBuilderUITests */ = {
			isa = PBXGroup;
			children = (
				D9235AA31BE3C6D5007173C9 /* ScheduleBuilderUITests.swift */,
				D9235AA51BE3C6D5007173C9 /* Info.plist */,
			);
			path = ScheduleBuilderUITests;
			sourceTree = "<group>";
		};
/* End PBXGroup section */

/* Begin PBXNativeTarget section */
		D9235A7C1BE3C6D5007173C9 /* ScheduleBuilder */ = {
			isa = PBXNativeTarget;
			buildConfigurationList = D9235AA81BE3C6D5007173C9 /* Build configuration list for PBXNativeTarget "ScheduleBuilder" */;
			buildPhases = (
				19E4D8CB2BB5C2AB5A17829F /* Check Pods Manifest.lock */,
				D9235A791BE3C6D5007173C9 /* Sources */,
				D9235A7A1BE3C6D5007173C9 /* Frameworks */,
				D9235A7B1BE3C6D5007173C9 /* Resources */,
				181FB22F2C95954D32C387CD /* Embed Pods Frameworks */,
				A04DFFF6CB385A676AC5C2AB /* Copy Pods Resources */,
			);
			buildRules = (
			);
			dependencies = (
			);
			name = ScheduleBuilder;
			productName = ScheduleBuilder;
			productReference = D9235A7D1BE3C6D5007173C9 /* ScheduleBuilder.app */;
			productType = "com.apple.product-type.application";
		};
		D9235A931BE3C6D5007173C9 /* ScheduleBuilderTests */ = {
			isa = PBXNativeTarget;
			buildConfigurationList = D9235AAB1BE3C6D5007173C9 /* Build configuration list for PBXNativeTarget "ScheduleBuilderTests" */;
			buildPhases = (
				D9235A901BE3C6D5007173C9 /* Sources */,
				D9235A911BE3C6D5007173C9 /* Frameworks */,
				D9235A921BE3C6D5007173C9 /* Resources */,
			);
			buildRules = (
			);
			dependencies = (
				D9235A961BE3C6D5007173C9 /* PBXTargetDependency */,
			);
			name = ScheduleBuilderTests;
			productName = ScheduleBuilderTests;
			productReference = D9235A941BE3C6D5007173C9 /* ScheduleBuilderTests.xctest */;
			productType = "com.apple.product-type.bundle.unit-test";
		};
		D9235A9E1BE3C6D5007173C9 /* ScheduleBuilderUITests */ = {
			isa = PBXNativeTarget;
			buildConfigurationList = D9235AAE1BE3C6D5007173C9 /* Build configuration list for PBXNativeTarget "ScheduleBuilderUITests" */;
			buildPhases = (
				D9235A9B1BE3C6D5007173C9 /* Sources */,
				D9235A9C1BE3C6D5007173C9 /* Frameworks */,
				D9235A9D1BE3C6D5007173C9 /* Resources */,
			);
			buildRules = (
			);
			dependencies = (
				D9235AA11BE3C6D5007173C9 /* PBXTargetDependency */,
			);
			name = ScheduleBuilderUITests;
			productName = ScheduleBuilderUITests;
			productReference = D9235A9F1BE3C6D5007173C9 /* ScheduleBuilderUITests.xctest */;
			productType = "com.apple.product-type.bundle.ui-testing";
		};
/* End PBXNativeTarget section */

/* Begin PBXProject section */
		D9235A751BE3C6D5007173C9 /* Project object */ = {
			isa = PBXProject;
			attributes = {
				LastSwiftUpdateCheck = 0710;
				LastUpgradeCheck = 0710;
				ORGANIZATIONNAME = "Alexander Ivanov";
				TargetAttributes = {
					D9235A7C1BE3C6D5007173C9 = {
						CreatedOnToolsVersion = 7.1;
						DevelopmentTeam = MB2Y6NS7E9;
					};
					D9235A931BE3C6D5007173C9 = {
						CreatedOnToolsVersion = 7.1;
						TestTargetID = D9235A7C1BE3C6D5007173C9;
					};
					D9235A9E1BE3C6D5007173C9 = {
						CreatedOnToolsVersion = 7.1;
						TestTargetID = D9235A7C1BE3C6D5007173C9;
					};
				};
			};
			buildConfigurationList = D9235A781BE3C6D5007173C9 /* Build configuration list for PBXProject "ScheduleBuilder" */;
			compatibilityVersion = "Xcode 3.2";
			developmentRegion = English;
			hasScannedForEncodings = 0;
			knownRegions = (
				en,
				Base,
			);
			mainGroup = D9235A741BE3C6D5007173C9;
			productRefGroup = D9235A7E1BE3C6D5007173C9 /* Products */;
			projectDirPath = "";
			projectRoot = "";
			targets = (
				D9235A7C1BE3C6D5007173C9 /* ScheduleBuilder */,
				D9235A931BE3C6D5007173C9 /* ScheduleBuilderTests */,
				D9235A9E1BE3C6D5007173C9 /* ScheduleBuilderUITests */,
			);
		};
/* End PBXProject section */

/* Begin PBXResourcesBuildPhase section */
		D9235A7B1BE3C6D5007173C9 /* Resources */ = {
			isa = PBXResourcesBuildPhase;
			buildActionMask = 2147483647;
			files = (
				ACE51F881CBB56FA002DDE6A /* courseOfferings.json in Resources */,
				01BD3D781C0E329700115D84 /* profs.json in Resources */,
				D9235A8E1BE3C6D5007173C9 /* LaunchScreen.storyboard in Resources */,
				D9BA665B1C77B33800FACBED /* blah.json in Resources */,
				D9235A8B1BE3C6D5007173C9 /* Assets.xcassets in Resources */,
				D960F7971C77A268007B5E74 /* courses_new.json in Resources */,
				D9BA66591C77AE7200FACBED /* Main.storyboard in Resources */,
				01BD3D7C1C0E329700115D84 /* courses.json in Resources */,
			);
			runOnlyForDeploymentPostprocessing = 0;
		};
		D9235A921BE3C6D5007173C9 /* Resources */ = {
			isa = PBXResourcesBuildPhase;
			buildActionMask = 2147483647;
			files = (
			);
			runOnlyForDeploymentPostprocessing = 0;
		};
		D9235A9D1BE3C6D5007173C9 /* Resources */ = {
			isa = PBXResourcesBuildPhase;
			buildActionMask = 2147483647;
			files = (
			);
			runOnlyForDeploymentPostprocessing = 0;
		};
/* End PBXResourcesBuildPhase section */

/* Begin PBXShellScriptBuildPhase section */
		181FB22F2C95954D32C387CD /* Embed Pods Frameworks */ = {
			isa = PBXShellScriptBuildPhase;
			buildActionMask = 2147483647;
			files = (
			);
			inputPaths = (
			);
			name = "Embed Pods Frameworks";
			outputPaths = (
			);
			runOnlyForDeploymentPostprocessing = 0;
			shellPath = /bin/sh;
			shellScript = "\"${SRCROOT}/Pods/Target Support Files/Pods-ScheduleBuilder/Pods-ScheduleBuilder-frameworks.sh\"\n";
			showEnvVarsInLog = 0;
		};
		19E4D8CB2BB5C2AB5A17829F /* Check Pods Manifest.lock */ = {
			isa = PBXShellScriptBuildPhase;
			buildActionMask = 2147483647;
			files = (
			);
			inputPaths = (
			);
			name = "Check Pods Manifest.lock";
			outputPaths = (
			);
			runOnlyForDeploymentPostprocessing = 0;
			shellPath = /bin/sh;
			shellScript = "diff \"${PODS_ROOT}/../Podfile.lock\" \"${PODS_ROOT}/Manifest.lock\" > /dev/null\nif [[ $? != 0 ]] ; then\n    cat << EOM\nerror: The sandbox is not in sync with the Podfile.lock. Run 'pod install' or update your CocoaPods installation.\nEOM\n    exit 1\nfi\n";
			showEnvVarsInLog = 0;
		};
		A04DFFF6CB385A676AC5C2AB /* Copy Pods Resources */ = {
			isa = PBXShellScriptBuildPhase;
			buildActionMask = 2147483647;
			files = (
			);
			inputPaths = (
			);
			name = "Copy Pods Resources";
			outputPaths = (
			);
			runOnlyForDeploymentPostprocessing = 0;
			shellPath = /bin/sh;
			shellScript = "\"${SRCROOT}/Pods/Target Support Files/Pods-ScheduleBuilder/Pods-ScheduleBuilder-resources.sh\"\n";
			showEnvVarsInLog = 0;
		};
/* End PBXShellScriptBuildPhase section */

/* Begin PBXSourcesBuildPhase section */
		D9235A791BE3C6D5007173C9 /* Sources */ = {
			isa = PBXSourcesBuildPhase;
			buildActionMask = 2147483647;
			files = (
				D9F8AFE91CBC5D4B006CADAC /* SettingsDetailsCell.swift in Sources */,
				D9EC79F11C0E3C0500A0FEF9 /* MainTabBar.swift in Sources */,
				D960F7981C77A268007B5E74 /* DataHandler.swift in Sources */,
				D674098E1CBC551A001AA344 /* Feature4ViewController.swift in Sources */,
				D989DCDF1CD034EB005C58AD /* SettingsSemestersCell.swift in Sources */,
				98D830E41C0EE6C300FC1D63 /* TabsViewController.swift in Sources */,
				D98C6E391C87DAC800FFB2A4 /* ScheduleBuilderViewController.swift in Sources */,
				D9CC10631C27EAB200E23F60 /* WelcomePageViewController.swift in Sources */,
				D960F79E1C77A268007B5E74 /* ScheduleBuilder.swift in Sources */,
				D960F79D1C77A268007B5E74 /* Periodic_new.swift in Sources */,
				D960F79A1C77A268007B5E74 /* Lecture.swift in Sources */,
				D960F7951C77A268007B5E74 /* Course_new.swift in Sources */,
				01BD3D861C0EA8F600115D84 /* TutorialView.swift in Sources */,
				D9BA66531C77A87100FACBED /* Time.swift in Sources */,
				98D830DF1C0E78D800FC1D63 /* FavouritesController.swift in Sources */,
				D9EC79F51C0E41D700A0FEF9 /* DepartmentTableViewCell.swift in Sources */,
				D989DCDD1CD02A79005C58AD /* SettingsSemestersTableViewController.swift in Sources */,
				01BD3D871C0EA8F600115D84 /* LineView.swift in Sources */,
				ACFD0E8E1C9E4A0400F8D5C3 /* CourseCellData.swift in Sources */,
				D9057CB11C0EBD900036D5D3 /* ScheduleView.swift in Sources */,
				D6D48BB51C87579300C547DE /* UserProfileTableViewCell.swift in Sources */,
				98D830E01C0E78D800FC1D63 /* FavouritesTableCell.swift in Sources */,
				D9057CAF1C0EBD900036D5D3 /* SchedulesTableViewController.swift in Sources */,
				D9EC79F91C0E4A0900A0FEF9 /* CourseTableViewCell.swift in Sources */,
				D9057CB01C0EBD900036D5D3 /* ScheduleTableViewCell.swift in Sources */,
				D674098C1CBC5510001AA344 /* Feature3ViewController.swift in Sources */,
				D674098A1CBC5506001AA344 /* Feature2ViewController.swift in Sources */,
				D98C6E3B1C87DAC800FFB2A4 /* NewScheduleTableViewController.swift in Sources */,
				D6D72BEE1C82A9B00016E6C9 /* Constants.swift in Sources */,
				D69879871C519FC700123D1F /* UserProfileViewController.swift in Sources */,
				D960F7991C77A268007B5E74 /* Lab.swift in Sources */,
				01BD3D791C0E329700115D84 /* Prof.swift in Sources */,
				D9D666821CBCB06300123A5E /* OfferingView.swift in Sources */,
				01BD3D851C0EA8F600115D84 /* CourseViewController.swift in Sources */,
				D9235A891BE3C6D5007173C9 /* ScheduleBuilder.xcdatamodeld in Sources */,
				D9BA66551C77A88D00FACBED /* Periodic.swift in Sources */,
				D67409881CBC54EB001AA344 /* Feature1ViewController.swift in Sources */,
				D960F79C1C77A268007B5E74 /* PEntity.swift in Sources */,
				D698798E1C52CF8C00123D1F /* FavouriteCourses.swift in Sources */,
				D960F79F1C77A268007B5E74 /* Tutorial.swift in Sources */,
				D9F8AFF91CBC85E3006CADAC /* SettingsDepartmentCell.swift in Sources */,
				D6242D9C1CBC73C5009B86AC /* SettingsSwitchTableViewCell.swift in Sources */,
				01BD3D881C0EA8F600115D84 /* CoursePageView.swift in Sources */,
				01BD3D8A1C0EB48500115D84 /* LectureView.swift in Sources */,
				0163354D1C0F6F90005D2A68 /* ScheduleDetailsViewController.swift in Sources */,
				D698798C1C52BEA200123D1F /* FeatureViewController.swift in Sources */,
				D9EC79F31C0E3F8C00A0FEF9 /* DepartmentsTableViewController.swift in Sources */,
				D98C6E3A1C87DAC800FFB2A4 /* OfferingTableViewCell.swift in Sources */,
				D9235A811BE3C6D5007173C9 /* AppDelegate.swift in Sources */,
				D67409901CBC5525001AA344 /* Feature5ViewController.swift in Sources */,
				D6D72BEC1C82A46F0016E6C9 /* webAuthenticationViewController.swift in Sources */,
				987E02B41C0C5B0B00766128 /* CourseCell.swift in Sources */,
				D9F8AFF71CBC8473006CADAC /* SettingsDepartmentsTableViewController.swift in Sources */,
				D69879891C51B7D400123D1F /* LoginViewController.swift in Sources */,
				5B3343B41CBC392700968B46 /* DescriptionHandler.swift in Sources */,
				D69879911C52D40C00123D1F /* FavouriteCourses+CoreDataProperties.swift in Sources */,
				D9F8AFE71CBC5913006CADAC /* SettingsTableViewController.swift in Sources */,
				D9EC79F71C0E442C00A0FEF9 /* DepartmentTableViewController.swift in Sources */,
			);
			runOnlyForDeploymentPostprocessing = 0;
		};
		D9235A901BE3C6D5007173C9 /* Sources */ = {
			isa = PBXSourcesBuildPhase;
			buildActionMask = 2147483647;
			files = (
				D9235A991BE3C6D5007173C9 /* ScheduleBuilderTests.swift in Sources */,
			);
			runOnlyForDeploymentPostprocessing = 0;
		};
		D9235A9B1BE3C6D5007173C9 /* Sources */ = {
			isa = PBXSourcesBuildPhase;
			buildActionMask = 2147483647;
			files = (
				D9235AA41BE3C6D5007173C9 /* ScheduleBuilderUITests.swift in Sources */,
			);
			runOnlyForDeploymentPostprocessing = 0;
		};
/* End PBXSourcesBuildPhase section */

/* Begin PBXTargetDependency section */
		D9235A961BE3C6D5007173C9 /* PBXTargetDependency */ = {
			isa = PBXTargetDependency;
			target = D9235A7C1BE3C6D5007173C9 /* ScheduleBuilder */;
			targetProxy = D9235A951BE3C6D5007173C9 /* PBXContainerItemProxy */;
		};
		D9235AA11BE3C6D5007173C9 /* PBXTargetDependency */ = {
			isa = PBXTargetDependency;
			target = D9235A7C1BE3C6D5007173C9 /* ScheduleBuilder */;
			targetProxy = D9235AA01BE3C6D5007173C9 /* PBXContainerItemProxy */;
		};
/* End PBXTargetDependency section */

/* Begin PBXVariantGroup section */
		D9235A8C1BE3C6D5007173C9 /* LaunchScreen.storyboard */ = {
			isa = PBXVariantGroup;
			children = (
				D9235A8D1BE3C6D5007173C9 /* Base */,
			);
			name = LaunchScreen.storyboard;
			sourceTree = "<group>";
		};
/* End PBXVariantGroup section */

/* Begin XCBuildConfiguration section */
		D9235AA61BE3C6D5007173C9 /* Debug */ = {
			isa = XCBuildConfiguration;
			buildSettings = {
				ALWAYS_SEARCH_USER_PATHS = NO;
				CLANG_CXX_LANGUAGE_STANDARD = "gnu++0x";
				CLANG_CXX_LIBRARY = "libc++";
				CLANG_ENABLE_MODULES = YES;
				CLANG_ENABLE_OBJC_ARC = YES;
				CLANG_WARN_BOOL_CONVERSION = YES;
				CLANG_WARN_CONSTANT_CONVERSION = YES;
				CLANG_WARN_DIRECT_OBJC_ISA_USAGE = YES_ERROR;
				CLANG_WARN_EMPTY_BODY = YES;
				CLANG_WARN_ENUM_CONVERSION = YES;
				CLANG_WARN_INT_CONVERSION = YES;
				CLANG_WARN_OBJC_ROOT_CLASS = YES_ERROR;
				CLANG_WARN_UNREACHABLE_CODE = YES;
				CLANG_WARN__DUPLICATE_METHOD_MATCH = YES;
				"CODE_SIGN_IDENTITY[sdk=iphoneos*]" = "iPhone Developer";
				COPY_PHASE_STRIP = NO;
				DEBUG_INFORMATION_FORMAT = dwarf;
				ENABLE_STRICT_OBJC_MSGSEND = YES;
				ENABLE_TESTABILITY = YES;
				GCC_C_LANGUAGE_STANDARD = gnu99;
				GCC_DYNAMIC_NO_PIC = NO;
				GCC_NO_COMMON_BLOCKS = YES;
				GCC_OPTIMIZATION_LEVEL = 0;
				GCC_PREPROCESSOR_DEFINITIONS = (
					"DEBUG=1",
					"$(inherited)",
				);
				GCC_WARN_64_TO_32_BIT_CONVERSION = YES;
				GCC_WARN_ABOUT_RETURN_TYPE = YES_ERROR;
				GCC_WARN_UNDECLARED_SELECTOR = YES;
				GCC_WARN_UNINITIALIZED_AUTOS = YES_AGGRESSIVE;
				GCC_WARN_UNUSED_FUNCTION = YES;
				GCC_WARN_UNUSED_VARIABLE = YES;
				IPHONEOS_DEPLOYMENT_TARGET = 9.1;
				MTL_ENABLE_DEBUG_INFO = YES;
				ONLY_ACTIVE_ARCH = YES;
				SDKROOT = iphoneos;
				SWIFT_OPTIMIZATION_LEVEL = "-Onone";
			};
			name = Debug;
		};
		D9235AA71BE3C6D5007173C9 /* Release */ = {
			isa = XCBuildConfiguration;
			buildSettings = {
				ALWAYS_SEARCH_USER_PATHS = NO;
				CLANG_CXX_LANGUAGE_STANDARD = "gnu++0x";
				CLANG_CXX_LIBRARY = "libc++";
				CLANG_ENABLE_MODULES = YES;
				CLANG_ENABLE_OBJC_ARC = YES;
				CLANG_WARN_BOOL_CONVERSION = YES;
				CLANG_WARN_CONSTANT_CONVERSION = YES;
				CLANG_WARN_DIRECT_OBJC_ISA_USAGE = YES_ERROR;
				CLANG_WARN_EMPTY_BODY = YES;
				CLANG_WARN_ENUM_CONVERSION = YES;
				CLANG_WARN_INT_CONVERSION = YES;
				CLANG_WARN_OBJC_ROOT_CLASS = YES_ERROR;
				CLANG_WARN_UNREACHABLE_CODE = YES;
				CLANG_WARN__DUPLICATE_METHOD_MATCH = YES;
				"CODE_SIGN_IDENTITY[sdk=iphoneos*]" = "iPhone Developer";
				COPY_PHASE_STRIP = NO;
				DEBUG_INFORMATION_FORMAT = "dwarf-with-dsym";
				ENABLE_NS_ASSERTIONS = NO;
				ENABLE_STRICT_OBJC_MSGSEND = YES;
				GCC_C_LANGUAGE_STANDARD = gnu99;
				GCC_NO_COMMON_BLOCKS = YES;
				GCC_WARN_64_TO_32_BIT_CONVERSION = YES;
				GCC_WARN_ABOUT_RETURN_TYPE = YES_ERROR;
				GCC_WARN_UNDECLARED_SELECTOR = YES;
				GCC_WARN_UNINITIALIZED_AUTOS = YES_AGGRESSIVE;
				GCC_WARN_UNUSED_FUNCTION = YES;
				GCC_WARN_UNUSED_VARIABLE = YES;
				IPHONEOS_DEPLOYMENT_TARGET = 9.1;
				MTL_ENABLE_DEBUG_INFO = NO;
				SDKROOT = iphoneos;
				VALIDATE_PRODUCT = YES;
			};
			name = Release;
		};
		D9235AA91BE3C6D5007173C9 /* Debug */ = {
			isa = XCBuildConfiguration;
			baseConfigurationReference = 9556DA509FA8CF720F700725 /* Pods-ScheduleBuilder.debug.xcconfig */;
			buildSettings = {
				ASSETCATALOG_COMPILER_APPICON_NAME = AppIcon;
				CODE_SIGN_IDENTITY = "iPhone Developer";
				"CODE_SIGN_IDENTITY[sdk=iphoneos*]" = "iPhone Developer";
				FRAMEWORK_SEARCH_PATHS = (
					"$(inherited)",
					"$(PROJECT_DIR)",
				);
				INFOPLIST_FILE = ScheduleBuilder/Info.plist;
				LD_RUNPATH_SEARCH_PATHS = "$(inherited) @executable_path/Frameworks";
				PRODUCT_BUNDLE_IDENTIFIER = CPSC599app.ScheduleBuilder;
				PRODUCT_NAME = "$(TARGET_NAME)";
				PROVISIONING_PROFILE = "";
			};
			name = Debug;
		};
		D9235AAA1BE3C6D5007173C9 /* Release */ = {
			isa = XCBuildConfiguration;
			baseConfigurationReference = 122A86C1B1B358A6A02B0A2E /* Pods-ScheduleBuilder.release.xcconfig */;
			buildSettings = {
				ASSETCATALOG_COMPILER_APPICON_NAME = AppIcon;
				CODE_SIGN_IDENTITY = "iPhone Developer";
				"CODE_SIGN_IDENTITY[sdk=iphoneos*]" = "iPhone Developer";
				FRAMEWORK_SEARCH_PATHS = (
					"$(inherited)",
					"$(PROJECT_DIR)",
				);
				INFOPLIST_FILE = ScheduleBuilder/Info.plist;
				LD_RUNPATH_SEARCH_PATHS = "$(inherited) @executable_path/Frameworks";
				PRODUCT_BUNDLE_IDENTIFIER = CPSC599app.ScheduleBuilder;
				PRODUCT_NAME = "$(TARGET_NAME)";
				PROVISIONING_PROFILE = "";
			};
			name = Release;
		};
		D9235AAC1BE3C6D5007173C9 /* Debug */ = {
			isa = XCBuildConfiguration;
			buildSettings = {
				BUNDLE_LOADER = "$(TEST_HOST)";
				INFOPLIST_FILE = ScheduleBuilderTests/Info.plist;
				LD_RUNPATH_SEARCH_PATHS = "$(inherited) @executable_path/Frameworks @loader_path/Frameworks";
				PRODUCT_BUNDLE_IDENTIFIER = CPSC599.ScheduleBuilderTests;
				PRODUCT_NAME = "$(TARGET_NAME)";
				TEST_HOST = "$(BUILT_PRODUCTS_DIR)/ScheduleBuilder.app/ScheduleBuilder";
			};
			name = Debug;
		};
		D9235AAD1BE3C6D5007173C9 /* Release */ = {
			isa = XCBuildConfiguration;
			buildSettings = {
				BUNDLE_LOADER = "$(TEST_HOST)";
				INFOPLIST_FILE = ScheduleBuilderTests/Info.plist;
				LD_RUNPATH_SEARCH_PATHS = "$(inherited) @executable_path/Frameworks @loader_path/Frameworks";
				PRODUCT_BUNDLE_IDENTIFIER = CPSC599.ScheduleBuilderTests;
				PRODUCT_NAME = "$(TARGET_NAME)";
				TEST_HOST = "$(BUILT_PRODUCTS_DIR)/ScheduleBuilder.app/ScheduleBuilder";
			};
			name = Release;
		};
		D9235AAF1BE3C6D5007173C9 /* Debug */ = {
			isa = XCBuildConfiguration;
			buildSettings = {
				INFOPLIST_FILE = ScheduleBuilderUITests/Info.plist;
				LD_RUNPATH_SEARCH_PATHS = "$(inherited) @executable_path/Frameworks @loader_path/Frameworks";
				PRODUCT_BUNDLE_IDENTIFIER = CPSC599.ScheduleBuilderUITests;
				PRODUCT_NAME = "$(TARGET_NAME)";
				TEST_TARGET_NAME = ScheduleBuilder;
				USES_XCTRUNNER = YES;
			};
			name = Debug;
		};
		D9235AB01BE3C6D5007173C9 /* Release */ = {
			isa = XCBuildConfiguration;
			buildSettings = {
				INFOPLIST_FILE = ScheduleBuilderUITests/Info.plist;
				LD_RUNPATH_SEARCH_PATHS = "$(inherited) @executable_path/Frameworks @loader_path/Frameworks";
				PRODUCT_BUNDLE_IDENTIFIER = CPSC599.ScheduleBuilderUITests;
				PRODUCT_NAME = "$(TARGET_NAME)";
				TEST_TARGET_NAME = ScheduleBuilder;
				USES_XCTRUNNER = YES;
			};
			name = Release;
		};
/* End XCBuildConfiguration section */

/* Begin XCConfigurationList section */
		D9235A781BE3C6D5007173C9 /* Build configuration list for PBXProject "ScheduleBuilder" */ = {
			isa = XCConfigurationList;
			buildConfigurations = (
				D9235AA61BE3C6D5007173C9 /* Debug */,
				D9235AA71BE3C6D5007173C9 /* Release */,
			);
			defaultConfigurationIsVisible = 0;
			defaultConfigurationName = Release;
		};
		D9235AA81BE3C6D5007173C9 /* Build configuration list for PBXNativeTarget "ScheduleBuilder" */ = {
			isa = XCConfigurationList;
			buildConfigurations = (
				D9235AA91BE3C6D5007173C9 /* Debug */,
				D9235AAA1BE3C6D5007173C9 /* Release */,
			);
			defaultConfigurationIsVisible = 0;
			defaultConfigurationName = Release;
		};
		D9235AAB1BE3C6D5007173C9 /* Build configuration list for PBXNativeTarget "ScheduleBuilderTests" */ = {
			isa = XCConfigurationList;
			buildConfigurations = (
				D9235AAC1BE3C6D5007173C9 /* Debug */,
				D9235AAD1BE3C6D5007173C9 /* Release */,
			);
			defaultConfigurationIsVisible = 0;
			defaultConfigurationName = Release;
		};
		D9235AAE1BE3C6D5007173C9 /* Build configuration list for PBXNativeTarget "ScheduleBuilderUITests" */ = {
			isa = XCConfigurationList;
			buildConfigurations = (
				D9235AAF1BE3C6D5007173C9 /* Debug */,
				D9235AB01BE3C6D5007173C9 /* Release */,
			);
			defaultConfigurationIsVisible = 0;
			defaultConfigurationName = Release;
		};
/* End XCConfigurationList section */

/* Begin XCVersionGroup section */
		D9235A871BE3C6D5007173C9 /* ScheduleBuilder.xcdatamodeld */ = {
			isa = XCVersionGroup;
			children = (
				D9235A881BE3C6D5007173C9 /* ScheduleBuilder.xcdatamodel */,
			);
			currentVersion = D9235A881BE3C6D5007173C9 /* ScheduleBuilder.xcdatamodel */;
			path = ScheduleBuilder.xcdatamodeld;
			sourceTree = "<group>";
			versionGroupType = wrapper.xcdatamodel;
		};
/* End XCVersionGroup section */
	};
	rootObject = D9235A751BE3C6D5007173C9 /* Project object */;
}
