// !$*UTF8*$!
{
	archiveVersion = 1;
	classes = {
	};
	objectVersion = 46;
	objects = {

/* Begin PBXBuildFile section */
		01BD3D771C0E329700115D84 /* Scheduler.swift in Sources */ = {isa = PBXBuildFile; fileRef = 01BD3D6F1C0E329600115D84 /* Scheduler.swift */; };
		01BD3D781C0E329700115D84 /* profs.json in Resources */ = {isa = PBXBuildFile; fileRef = 01BD3D701C0E329600115D84 /* profs.json */; };
		01BD3D791C0E329700115D84 /* Prof.swift in Sources */ = {isa = PBXBuildFile; fileRef = 01BD3D711C0E329600115D84 /* Prof.swift */; };
		01BD3D7A1C0E329700115D84 /* Offering.swift in Sources */ = {isa = PBXBuildFile; fileRef = 01BD3D721C0E329600115D84 /* Offering.swift */; };
		01BD3D7B1C0E329700115D84 /* Data.swift in Sources */ = {isa = PBXBuildFile; fileRef = 01BD3D731C0E329600115D84 /* Data.swift */; };
		01BD3D7C1C0E329700115D84 /* courses.json in Resources */ = {isa = PBXBuildFile; fileRef = 01BD3D741C0E329600115D84 /* courses.json */; };
		01BD3D7D1C0E329700115D84 /* courseOfferings2.json in Resources */ = {isa = PBXBuildFile; fileRef = 01BD3D751C0E329600115D84 /* courseOfferings2.json */; };
		01BD3D7E1C0E329700115D84 /* Course.swift in Sources */ = {isa = PBXBuildFile; fileRef = 01BD3D761C0E329700115D84 /* Course.swift */; };
		987E02B21C0C59A300766128 /* CourseCategoriesCell.swift in Sources */ = {isa = PBXBuildFile; fileRef = 987E02B11C0C59A300766128 /* CourseCategoriesCell.swift */; };
		987E02B41C0C5B0B00766128 /* CourseCell.swift in Sources */ = {isa = PBXBuildFile; fileRef = 987E02B31C0C5B0B00766128 /* CourseCell.swift */; };
		987E02B61C0C5BD400766128 /* CourseCategoriesController.swift in Sources */ = {isa = PBXBuildFile; fileRef = 987E02B51C0C5BD400766128 /* CourseCategoriesController.swift */; };
		D9235A811BE3C6D5007173C9 /* AppDelegate.swift in Sources */ = {isa = PBXBuildFile; fileRef = D9235A801BE3C6D5007173C9 /* AppDelegate.swift */; };
		D9235A831BE3C6D5007173C9 /* ViewController.swift in Sources */ = {isa = PBXBuildFile; fileRef = D9235A821BE3C6D5007173C9 /* ViewController.swift */; };
		D9235A861BE3C6D5007173C9 /* Main.storyboard in Resources */ = {isa = PBXBuildFile; fileRef = D9235A841BE3C6D5007173C9 /* Main.storyboard */; };
		D9235A891BE3C6D5007173C9 /* ScheduleBuilder.xcdatamodeld in Sources */ = {isa = PBXBuildFile; fileRef = D9235A871BE3C6D5007173C9 /* ScheduleBuilder.xcdatamodeld */; };
		D9235A8B1BE3C6D5007173C9 /* Assets.xcassets in Resources */ = {isa = PBXBuildFile; fileRef = D9235A8A1BE3C6D5007173C9 /* Assets.xcassets */; };
		D9235A8E1BE3C6D5007173C9 /* LaunchScreen.storyboard in Resources */ = {isa = PBXBuildFile; fileRef = D9235A8C1BE3C6D5007173C9 /* LaunchScreen.storyboard */; };
		D9235A991BE3C6D5007173C9 /* ScheduleBuilderTests.swift in Sources */ = {isa = PBXBuildFile; fileRef = D9235A981BE3C6D5007173C9 /* ScheduleBuilderTests.swift */; };
		D9235AA41BE3C6D5007173C9 /* ScheduleBuilderUITests.swift in Sources */ = {isa = PBXBuildFile; fileRef = D9235AA31BE3C6D5007173C9 /* ScheduleBuilderUITests.swift */; };
/* End PBXBuildFile section */

/* Begin PBXContainerItemProxy section */
		D9235A951BE3C6D5007173C9 /* PBXContainerItemProxy */ = {
			isa = PBXContainerItemProxy;
			containerPortal = D9235A751BE3C6D5007173C9 /* Project object */;
			proxyType = 1;
			remoteGlobalIDString = D9235A7C1BE3C6D5007173C9;
			remoteInfo = ScheduleBuilder;
		};
		D9235AA01BE3C6D5007173C9 /* PBXContainerItemProxy */ = {
			isa = PBXContainerItemProxy;
			containerPortal = D9235A751BE3C6D5007173C9 /* Project object */;
			proxyType = 1;
			remoteGlobalIDString = D9235A7C1BE3C6D5007173C9;
			remoteInfo = ScheduleBuilder;
		};
/* End PBXContainerItemProxy section */

/* Begin PBXFileReference section */
		01BD3D6F1C0E329600115D84 /* Scheduler.swift */ = {isa = PBXFileReference; fileEncoding = 4; lastKnownFileType = sourcecode.swift; path = Scheduler.swift; sourceTree = "<group>"; };
		01BD3D701C0E329600115D84 /* profs.json */ = {isa = PBXFileReference; fileEncoding = 4; lastKnownFileType = text.json; path = profs.json; sourceTree = "<group>"; };
		01BD3D711C0E329600115D84 /* Prof.swift */ = {isa = PBXFileReference; fileEncoding = 4; lastKnownFileType = sourcecode.swift; path = Prof.swift; sourceTree = "<group>"; };
		01BD3D721C0E329600115D84 /* Offering.swift */ = {isa = PBXFileReference; fileEncoding = 4; lastKnownFileType = sourcecode.swift; path = Offering.swift; sourceTree = "<group>"; };
		01BD3D731C0E329600115D84 /* Data.swift */ = {isa = PBXFileReference; fileEncoding = 4; lastKnownFileType = sourcecode.swift; path = Data.swift; sourceTree = "<group>"; };
		01BD3D741C0E329600115D84 /* courses.json */ = {isa = PBXFileReference; fileEncoding = 4; lastKnownFileType = text.json; path = courses.json; sourceTree = "<group>"; };
		01BD3D751C0E329600115D84 /* courseOfferings2.json */ = {isa = PBXFileReference; fileEncoding = 4; lastKnownFileType = text.json; path = courseOfferings2.json; sourceTree = "<group>"; };
		01BD3D761C0E329700115D84 /* Course.swift */ = {isa = PBXFileReference; fileEncoding = 4; lastKnownFileType = sourcecode.swift; path = Course.swift; sourceTree = "<group>"; };
		987E02B11C0C59A300766128 /* CourseCategoriesCell.swift */ = {isa = PBXFileReference; fileEncoding = 4; lastKnownFileType = sourcecode.swift; name = CourseCategoriesCell.swift; path = Controllers/CourseCategoriesCell.swift; sourceTree = "<group>"; };
		987E02B31C0C5B0B00766128 /* CourseCell.swift */ = {isa = PBXFileReference; fileEncoding = 4; lastKnownFileType = sourcecode.swift; name = CourseCell.swift; path = Controllers/CourseCell.swift; sourceTree = "<group>"; };
		987E02B51C0C5BD400766128 /* CourseCategoriesController.swift */ = {isa = PBXFileReference; fileEncoding = 4; lastKnownFileType = sourcecode.swift; name = CourseCategoriesController.swift; path = Controllers/CourseCategoriesController.swift; sourceTree = "<group>"; };
		D9235A7D1BE3C6D5007173C9 /* ScheduleBuilder.app */ = {isa = PBXFileReference; explicitFileType = wrapper.application; includeInIndex = 0; path = ScheduleBuilder.app; sourceTree = BUILT_PRODUCTS_DIR; };
		D9235A801BE3C6D5007173C9 /* AppDelegate.swift */ = {isa = PBXFileReference; lastKnownFileType = sourcecode.swift; path = AppDelegate.swift; sourceTree = "<group>"; };
		D9235A821BE3C6D5007173C9 /* ViewController.swift */ = {isa = PBXFileReference; lastKnownFileType = sourcecode.swift; path = ViewController.swift; sourceTree = "<group>"; };
		D9235A851BE3C6D5007173C9 /* Base */ = {isa = PBXFileReference; lastKnownFileType = file.storyboard; name = Base; path = Base.lproj/Main.storyboard; sourceTree = "<group>"; };
		D9235A881BE3C6D5007173C9 /* ScheduleBuilder.xcdatamodel */ = {isa = PBXFileReference; lastKnownFileType = wrapper.xcdatamodel; path = ScheduleBuilder.xcdatamodel; sourceTree = "<group>"; };
		D9235A8A1BE3C6D5007173C9 /* Assets.xcassets */ = {isa = PBXFileReference; lastKnownFileType = folder.assetcatalog; path = Assets.xcassets; sourceTree = "<group>"; };
		D9235A8D1BE3C6D5007173C9 /* Base */ = {isa = PBXFileReference; lastKnownFileType = file.storyboard; name = Base; path = Base.lproj/LaunchScreen.storyboard; sourceTree = "<group>"; };
		D9235A8F1BE3C6D5007173C9 /* Info.plist */ = {isa = PBXFileReference; lastKnownFileType = text.plist.xml; path = Info.plist; sourceTree = "<group>"; };
		D9235A941BE3C6D5007173C9 /* ScheduleBuilderTests.xctest */ = {isa = PBXFileReference; explicitFileType = wrapper.cfbundle; includeInIndex = 0; path = ScheduleBuilderTests.xctest; sourceTree = BUILT_PRODUCTS_DIR; };
		D9235A981BE3C6D5007173C9 /* ScheduleBuilderTests.swift */ = {isa = PBXFileReference; lastKnownFileType = sourcecode.swift; path = ScheduleBuilderTests.swift; sourceTree = "<group>"; };
		D9235A9A1BE3C6D5007173C9 /* Info.plist */ = {isa = PBXFileReference; lastKnownFileType = text.plist.xml; path = Info.plist; sourceTree = "<group>"; };
		D9235A9F1BE3C6D5007173C9 /* ScheduleBuilderUITests.xctest */ = {isa = PBXFileReference; explicitFileType = wrapper.cfbundle; includeInIndex = 0; path = ScheduleBuilderUITests.xctest; sourceTree = BUILT_PRODUCTS_DIR; };
		D9235AA31BE3C6D5007173C9 /* ScheduleBuilderUITests.swift */ = {isa = PBXFileReference; lastKnownFileType = sourcecode.swift; path = ScheduleBuilderUITests.swift; sourceTree = "<group>"; };
		D9235AA51BE3C6D5007173C9 /* Info.plist */ = {isa = PBXFileReference; lastKnownFileType = text.plist.xml; path = Info.plist; sourceTree = "<group>"; };
/* End PBXFileReference section */

/* Begin PBXFrameworksBuildPhase section */
		D9235A7A1BE3C6D5007173C9 /* Frameworks */ = {
			isa = PBXFrameworksBuildPhase;
			buildActionMask = 2147483647;
			files = (
			);
			runOnlyForDeploymentPostprocessing = 0;
		};
		D9235A911BE3C6D5007173C9 /* Frameworks */ = {
			isa = PBXFrameworksBuildPhase;
			buildActionMask = 2147483647;
			files = (
			);
			runOnlyForDeploymentPostprocessing = 0;
		};
		D9235A9C1BE3C6D5007173C9 /* Frameworks */ = {
			isa = PBXFrameworksBuildPhase;
			buildActionMask = 2147483647;
			files = (
			);
			runOnlyForDeploymentPostprocessing = 0;
		};
/* End PBXFrameworksBuildPhase section */

/* Begin PBXGroup section */
		D9235A741BE3C6D5007173C9 = {
			isa = PBXGroup;
			children = (
				D9235A7F1BE3C6D5007173C9 /* ScheduleBuilder */,
				D9235A971BE3C6D5007173C9 /* ScheduleBuilderTests */,
				D9235AA21BE3C6D5007173C9 /* ScheduleBuilderUITests */,
				D9235A7E1BE3C6D5007173C9 /* Products */,
			);
			sourceTree = "<group>";
		};
		D9235A7E1BE3C6D5007173C9 /* Products */ = {
			isa = PBXGroup;
			children = (
				D9235A7D1BE3C6D5007173C9 /* ScheduleBuilder.app */,
				D9235A941BE3C6D5007173C9 /* ScheduleBuilderTests.xctest */,
				D9235A9F1BE3C6D5007173C9 /* ScheduleBuilderUITests.xctest */,
			);
			name = Products;
			sourceTree = "<group>";
		};
		D9235A7F1BE3C6D5007173C9 /* ScheduleBuilder */ = {
			isa = PBXGroup;
			children = (
				01BD3D6F1C0E329600115D84 /* Scheduler.swift */,
				01BD3D701C0E329600115D84 /* profs.json */,
				01BD3D711C0E329600115D84 /* Prof.swift */,
				01BD3D721C0E329600115D84 /* Offering.swift */,
				01BD3D731C0E329600115D84 /* Data.swift */,
				01BD3D741C0E329600115D84 /* courses.json */,
				01BD3D751C0E329600115D84 /* courseOfferings2.json */,
				01BD3D761C0E329700115D84 /* Course.swift */,
				D9235A801BE3C6D5007173C9 /* AppDelegate.swift */,
				D9235A821BE3C6D5007173C9 /* ViewController.swift */,
				D9235A841BE3C6D5007173C9 /* Main.storyboard */,
				987E02B51C0C5BD400766128 /* CourseCategoriesController.swift */,
				987E02B31C0C5B0B00766128 /* CourseCell.swift */,
				987E02B11C0C59A300766128 /* CourseCategoriesCell.swift */,
				D9235A8A1BE3C6D5007173C9 /* Assets.xcassets */,
				D9235A8C1BE3C6D5007173C9 /* LaunchScreen.storyboard */,
				D9235A8F1BE3C6D5007173C9 /* Info.plist */,
				D9235A871BE3C6D5007173C9 /* ScheduleBuilder.xcdatamodeld */,
			);
			path = ScheduleBuilder;
			sourceTree = "<group>";
		};
		D9235A971BE3C6D5007173C9 /* ScheduleBuilderTests */ = {
			isa = PBXGroup;
			children = (
				D9235A981BE3C6D5007173C9 /* ScheduleBuilderTests.swift */,
				D9235A9A1BE3C6D5007173C9 /* Info.plist */,
			);
			path = ScheduleBuilderTests;
			sourceTree = "<group>";
		};
		D9235AA21BE3C6D5007173C9 /* ScheduleBuilderUITests */ = {
			isa = PBXGroup;
			children = (
				D9235AA31BE3C6D5007173C9 /* ScheduleBuilderUITests.swift */,
				D9235AA51BE3C6D5007173C9 /* Info.plist */,
			);
			path = ScheduleBuilderUITests;
			sourceTree = "<group>";
		};
/* End PBXGroup section */

/* Begin PBXNativeTarget section */
		D9235A7C1BE3C6D5007173C9 /* ScheduleBuilder */ = {
			isa = PBXNativeTarget;
			buildConfigurationList = D9235AA81BE3C6D5007173C9 /* Build configuration list for PBXNativeTarget "ScheduleBuilder" */;
			buildPhases = (
				D9235A791BE3C6D5007173C9 /* Sources */,
				D9235A7A1BE3C6D5007173C9 /* Frameworks */,
				D9235A7B1BE3C6D5007173C9 /* Resources */,
			);
			buildRules = (
			);
			dependencies = (
			);
			name = ScheduleBuilder;
			productName = ScheduleBuilder;
			productReference = D9235A7D1BE3C6D5007173C9 /* ScheduleBuilder.app */;
			productType = "com.apple.product-type.application";
		};
		D9235A931BE3C6D5007173C9 /* ScheduleBuilderTests */ = {
			isa = PBXNativeTarget;
			buildConfigurationList = D9235AAB1BE3C6D5007173C9 /* Build configuration list for PBXNativeTarget "ScheduleBuilderTests" */;
			buildPhases = (
				D9235A901BE3C6D5007173C9 /* Sources */,
				D9235A911BE3C6D5007173C9 /* Frameworks */,
				D9235A921BE3C6D5007173C9 /* Resources */,
			);
			buildRules = (
			);
			dependencies = (
				D9235A961BE3C6D5007173C9 /* PBXTargetDependency */,
			);
			name = ScheduleBuilderTests;
			productName = ScheduleBuilderTests;
			productReference = D9235A941BE3C6D5007173C9 /* ScheduleBuilderTests.xctest */;
			productType = "com.apple.product-type.bundle.unit-test";
		};
		D9235A9E1BE3C6D5007173C9 /* ScheduleBuilderUITests */ = {
			isa = PBXNativeTarget;
			buildConfigurationList = D9235AAE1BE3C6D5007173C9 /* Build configuration list for PBXNativeTarget "ScheduleBuilderUITests" */;
			buildPhases = (
				D9235A9B1BE3C6D5007173C9 /* Sources */,
				D9235A9C1BE3C6D5007173C9 /* Frameworks */,
				D9235A9D1BE3C6D5007173C9 /* Resources */,
			);
			buildRules = (
			);
			dependencies = (
				D9235AA11BE3C6D5007173C9 /* PBXTargetDependency */,
			);
			name = ScheduleBuilderUITests;
			productName = ScheduleBuilderUITests;
			productReference = D9235A9F1BE3C6D5007173C9 /* ScheduleBuilderUITests.xctest */;
			productType = "com.apple.product-type.bundle.ui-testing";
		};
/* End PBXNativeTarget section */

/* Begin PBXProject section */
		D9235A751BE3C6D5007173C9 /* Project object */ = {
			isa = PBXProject;
			attributes = {
				LastSwiftUpdateCheck = 0710;
				LastUpgradeCheck = 0710;
				ORGANIZATIONNAME = "Alexander Ivanov";
				TargetAttributes = {
					D9235A7C1BE3C6D5007173C9 = {
						CreatedOnToolsVersion = 7.1;
					};
					D9235A931BE3C6D5007173C9 = {
						CreatedOnToolsVersion = 7.1;
						TestTargetID = D9235A7C1BE3C6D5007173C9;
					};
					D9235A9E1BE3C6D5007173C9 = {
						CreatedOnToolsVersion = 7.1;
						TestTargetID = D9235A7C1BE3C6D5007173C9;
					};
				};
			};
			buildConfigurationList = D9235A781BE3C6D5007173C9 /* Build configuration list for PBXProject "ScheduleBuilder" */;
			compatibilityVersion = "Xcode 3.2";
			developmentRegion = English;
			hasScannedForEncodings = 0;
			knownRegions = (
				en,
				Base,
			);
			mainGroup = D9235A741BE3C6D5007173C9;
			productRefGroup = D9235A7E1BE3C6D5007173C9 /* Products */;
			projectDirPath = "";
			projectRoot = "";
			targets = (
				D9235A7C1BE3C6D5007173C9 /* ScheduleBuilder */,
				D9235A931BE3C6D5007173C9 /* ScheduleBuilderTests */,
				D9235A9E1BE3C6D5007173C9 /* ScheduleBuilderUITests */,
			);
		};
/* End PBXProject section */

/* Begin PBXResourcesBuildPhase section */
		D9235A7B1BE3C6D5007173C9 /* Resources */ = {
			isa = PBXResourcesBuildPhase;
			buildActionMask = 2147483647;
			files = (
				01BD3D781C0E329700115D84 /* profs.json in Resources */,
				01BD3D7D1C0E329700115D84 /* courseOfferings2.json in Resources */,
				D9235A8E1BE3C6D5007173C9 /* LaunchScreen.storyboard in Resources */,
				D9235A8B1BE3C6D5007173C9 /* Assets.xcassets in Resources */,
				01BD3D7C1C0E329700115D84 /* courses.json in Resources */,
				D9235A861BE3C6D5007173C9 /* Main.storyboard in Resources */,
			);
			runOnlyForDeploymentPostprocessing = 0;
		};
		D9235A921BE3C6D5007173C9 /* Resources */ = {
			isa = PBXResourcesBuildPhase;
			buildActionMask = 2147483647;
			files = (
			);
			runOnlyForDeploymentPostprocessing = 0;
		};
		D9235A9D1BE3C6D5007173C9 /* Resources */ = {
			isa = PBXResourcesBuildPhase;
			buildActionMask = 2147483647;
			files = (
			);
			runOnlyForDeploymentPostprocessing = 0;
		};
/* End PBXResourcesBuildPhase section */

/* Begin PBXSourcesBuildPhase section */
		D9235A791BE3C6D5007173C9 /* Sources */ = {
			isa = PBXSourcesBuildPhase;
			buildActionMask = 2147483647;
			files = (
				987E02B61C0C5BD400766128 /* CourseCategoriesController.swift in Sources */,
				01BD3D7E1C0E329700115D84 /* Course.swift in Sources */,
				01BD3D7B1C0E329700115D84 /* Data.swift in Sources */,
				01BD3D7A1C0E329700115D84 /* Offering.swift in Sources */,
				01BD3D771C0E329700115D84 /* Scheduler.swift in Sources */,
				987E02B21C0C59A300766128 /* CourseCategoriesCell.swift in Sources */,
				D9235A831BE3C6D5007173C9 /* ViewController.swift in Sources */,
				01BD3D791C0E329700115D84 /* Prof.swift in Sources */,
				D9235A891BE3C6D5007173C9 /* ScheduleBuilder.xcdatamodeld in Sources */,
				D9235A811BE3C6D5007173C9 /* AppDelegate.swift in Sources */,
				987E02B41C0C5B0B00766128 /* CourseCell.swift in Sources */,
			);
			runOnlyForDeploymentPostprocessing = 0;
		};
		D9235A901BE3C6D5007173C9 /* Sources */ = {
			isa = PBXSourcesBuildPhase;
			buildActionMask = 2147483647;
			files = (
				D9235A991BE3C6D5007173C9 /* ScheduleBuilderTests.swift in Sources */,
			);
			runOnlyForDeploymentPostprocessing = 0;
		};
		D9235A9B1BE3C6D5007173C9 /* Sources */ = {
			isa = PBXSourcesBuildPhase;
			buildActionMask = 2147483647;
			files = (
				D9235AA41BE3C6D5007173C9 /* ScheduleBuilderUITests.swift in Sources */,
			);
			runOnlyForDeploymentPostprocessing = 0;
		};
/* End PBXSourcesBuildPhase section */

/* Begin PBXTargetDependency section */
		D9235A961BE3C6D5007173C9 /* PBXTargetDependency */ = {
			isa = PBXTargetDependency;
			target = D9235A7C1BE3C6D5007173C9 /* ScheduleBuilder */;
			targetProxy = D9235A951BE3C6D5007173C9 /* PBXContainerItemProxy */;
		};
		D9235AA11BE3C6D5007173C9 /* PBXTargetDependency */ = {
			isa = PBXTargetDependency;
			target = D9235A7C1BE3C6D5007173C9 /* ScheduleBuilder */;
			targetProxy = D9235AA01BE3C6D5007173C9 /* PBXContainerItemProxy */;
		};
/* End PBXTargetDependency section */

/* Begin PBXVariantGroup section */
		D9235A841BE3C6D5007173C9 /* Main.storyboard */ = {
			isa = PBXVariantGroup;
			children = (
				D9235A851BE3C6D5007173C9 /* Base */,
			);
			name = Main.storyboard;
			sourceTree = "<group>";
		};
		D9235A8C1BE3C6D5007173C9 /* LaunchScreen.storyboard */ = {
			isa = PBXVariantGroup;
			children = (
				D9235A8D1BE3C6D5007173C9 /* Base */,
			);
			name = LaunchScreen.storyboard;
			sourceTree = "<group>";
		};
/* End PBXVariantGroup section */

/* Begin XCBuildConfiguration section */
		D9235AA61BE3C6D5007173C9 /* Debug */ = {
			isa = XCBuildConfiguration;
			buildSettings = {
				ALWAYS_SEARCH_USER_PATHS = NO;
				CLANG_CXX_LANGUAGE_STANDARD = "gnu++0x";
				CLANG_CXX_LIBRARY = "libc++";
				CLANG_ENABLE_MODULES = YES;
				CLANG_ENABLE_OBJC_ARC = YES;
				CLANG_WARN_BOOL_CONVERSION = YES;
				CLANG_WARN_CONSTANT_CONVERSION = YES;
				CLANG_WARN_DIRECT_OBJC_ISA_USAGE = YES_ERROR;
				CLANG_WARN_EMPTY_BODY = YES;
				CLANG_WARN_ENUM_CONVERSION = YES;
				CLANG_WARN_INT_CONVERSION = YES;
				CLANG_WARN_OBJC_ROOT_CLASS = YES_ERROR;
				CLANG_WARN_UNREACHABLE_CODE = YES;
				CLANG_WARN__DUPLICATE_METHOD_MATCH = YES;
				"CODE_SIGN_IDENTITY[sdk=iphoneos*]" = "iPhone Developer";
				COPY_PHASE_STRIP = NO;
				DEBUG_INFORMATION_FORMAT = dwarf;
				ENABLE_STRICT_OBJC_MSGSEND = YES;
				ENABLE_TESTABILITY = YES;
				GCC_C_LANGUAGE_STANDARD = gnu99;
				GCC_DYNAMIC_NO_PIC = NO;
				GCC_NO_COMMON_BLOCKS = YES;
				GCC_OPTIMIZATION_LEVEL = 0;
				GCC_PREPROCESSOR_DEFINITIONS = (
					"DEBUG=1",
					"$(inherited)",
				);
				GCC_WARN_64_TO_32_BIT_CONVERSION = YES;
				GCC_WARN_ABOUT_RETURN_TYPE = YES_ERROR;
				GCC_WARN_UNDECLARED_SELECTOR = YES;
				GCC_WARN_UNINITIALIZED_AUTOS = YES_AGGRESSIVE;
				GCC_WARN_UNUSED_FUNCTION = YES;
				GCC_WARN_UNUSED_VARIABLE = YES;
				IPHONEOS_DEPLOYMENT_TARGET = 9.1;
				MTL_ENABLE_DEBUG_INFO = YES;
				ONLY_ACTIVE_ARCH = YES;
				SDKROOT = iphoneos;
				SWIFT_OPTIMIZATION_LEVEL = "-Onone";
			};
			name = Debug;
		};
		D9235AA71BE3C6D5007173C9 /* Release */ = {
			isa = XCBuildConfiguration;
			buildSettings = {
				ALWAYS_SEARCH_USER_PATHS = NO;
				CLANG_CXX_LANGUAGE_STANDARD = "gnu++0x";
				CLANG_CXX_LIBRARY = "libc++";
				CLANG_ENABLE_MODULES = YES;
				CLANG_ENABLE_OBJC_ARC = YES;
				CLANG_WARN_BOOL_CONVERSION = YES;
				CLANG_WARN_CONSTANT_CONVERSION = YES;
				CLANG_WARN_DIRECT_OBJC_ISA_USAGE = YES_ERROR;
				CLANG_WARN_EMPTY_BODY = YES;
				CLANG_WARN_ENUM_CONVERSION = YES;
				CLANG_WARN_INT_CONVERSION = YES;
				CLANG_WARN_OBJC_ROOT_CLASS = YES_ERROR;
				CLANG_WARN_UNREACHABLE_CODE = YES;
				CLANG_WARN__DUPLICATE_METHOD_MATCH = YES;
				"CODE_SIGN_IDENTITY[sdk=iphoneos*]" = "iPhone Developer";
				COPY_PHASE_STRIP = NO;
				DEBUG_INFORMATION_FORMAT = "dwarf-with-dsym";
				ENABLE_NS_ASSERTIONS = NO;
				ENABLE_STRICT_OBJC_MSGSEND = YES;
				GCC_C_LANGUAGE_STANDARD = gnu99;
				GCC_NO_COMMON_BLOCKS = YES;
				GCC_WARN_64_TO_32_BIT_CONVERSION = YES;
				GCC_WARN_ABOUT_RETURN_TYPE = YES_ERROR;
				GCC_WARN_UNDECLARED_SELECTOR = YES;
				GCC_WARN_UNINITIALIZED_AUTOS = YES_AGGRESSIVE;
				GCC_WARN_UNUSED_FUNCTION = YES;
				GCC_WARN_UNUSED_VARIABLE = YES;
				IPHONEOS_DEPLOYMENT_TARGET = 9.1;
				MTL_ENABLE_DEBUG_INFO = NO;
				SDKROOT = iphoneos;
				VALIDATE_PRODUCT = YES;
			};
			name = Release;
		};
		D9235AA91BE3C6D5007173C9 /* Debug */ = {
			isa = XCBuildConfiguration;
			buildSettings = {
				ASSETCATALOG_COMPILER_APPICON_NAME = AppIcon;
				INFOPLIST_FILE = ScheduleBuilder/Info.plist;
				LD_RUNPATH_SEARCH_PATHS = "$(inherited) @executable_path/Frameworks";
				PRODUCT_BUNDLE_IDENTIFIER = CPSC599.ScheduleBuilder;
				PRODUCT_NAME = "$(TARGET_NAME)";
			};
			name = Debug;
		};
		D9235AAA1BE3C6D5007173C9 /* Release */ = {
			isa = XCBuildConfiguration;
			buildSettings = {
				ASSETCATALOG_COMPILER_APPICON_NAME = AppIcon;
				INFOPLIST_FILE = ScheduleBuilder/Info.plist;
				LD_RUNPATH_SEARCH_PATHS = "$(inherited) @executable_path/Frameworks";
				PRODUCT_BUNDLE_IDENTIFIER = CPSC599.ScheduleBuilder;
				PRODUCT_NAME = "$(TARGET_NAME)";
			};
			name = Release;
		};
		D9235AAC1BE3C6D5007173C9 /* Debug */ = {
			isa = XCBuildConfiguration;
			buildSettings = {
				BUNDLE_LOADER = "$(TEST_HOST)";
				INFOPLIST_FILE = ScheduleBuilderTests/Info.plist;
				LD_RUNPATH_SEARCH_PATHS = "$(inherited) @executable_path/Frameworks @loader_path/Frameworks";
				PRODUCT_BUNDLE_IDENTIFIER = CPSC599.ScheduleBuilderTests;
				PRODUCT_NAME = "$(TARGET_NAME)";
				TEST_HOST = "$(BUILT_PRODUCTS_DIR)/ScheduleBuilder.app/ScheduleBuilder";
			};
			name = Debug;
		};
		D9235AAD1BE3C6D5007173C9 /* Release */ = {
			isa = XCBuildConfiguration;
			buildSettings = {
				BUNDLE_LOADER = "$(TEST_HOST)";
				INFOPLIST_FILE = ScheduleBuilderTests/Info.plist;
				LD_RUNPATH_SEARCH_PATHS = "$(inherited) @executable_path/Frameworks @loader_path/Frameworks";
				PRODUCT_BUNDLE_IDENTIFIER = CPSC599.ScheduleBuilderTests;
				PRODUCT_NAME = "$(TARGET_NAME)";
				TEST_HOST = "$(BUILT_PRODUCTS_DIR)/ScheduleBuilder.app/ScheduleBuilder";
			};
			name = Release;
		};
		D9235AAF1BE3C6D5007173C9 /* Debug */ = {
			isa = XCBuildConfiguration;
			buildSettings = {
				INFOPLIST_FILE = ScheduleBuilderUITests/Info.plist;
				LD_RUNPATH_SEARCH_PATHS = "$(inherited) @executable_path/Frameworks @loader_path/Frameworks";
				PRODUCT_BUNDLE_IDENTIFIER = CPSC599.ScheduleBuilderUITests;
				PRODUCT_NAME = "$(TARGET_NAME)";
				TEST_TARGET_NAME = ScheduleBuilder;
				USES_XCTRUNNER = YES;
			};
			name = Debug;
		};
		D9235AB01BE3C6D5007173C9 /* Release */ = {
			isa = XCBuildConfiguration;
			buildSettings = {
				INFOPLIST_FILE = ScheduleBuilderUITests/Info.plist;
				LD_RUNPATH_SEARCH_PATHS = "$(inherited) @executable_path/Frameworks @loader_path/Frameworks";
				PRODUCT_BUNDLE_IDENTIFIER = CPSC599.ScheduleBuilderUITests;
				PRODUCT_NAME = "$(TARGET_NAME)";
				TEST_TARGET_NAME = ScheduleBuilder;
				USES_XCTRUNNER = YES;
			};
			name = Release;
		};
/* End XCBuildConfiguration section */

/* Begin XCConfigurationList section */
		D9235A781BE3C6D5007173C9 /* Build configuration list for PBXProject "ScheduleBuilder" */ = {
			isa = XCConfigurationList;
			buildConfigurations = (
				D9235AA61BE3C6D5007173C9 /* Debug */,
				D9235AA71BE3C6D5007173C9 /* Release */,
			);
			defaultConfigurationIsVisible = 0;
			defaultConfigurationName = Release;
		};
		D9235AA81BE3C6D5007173C9 /* Build configuration list for PBXNativeTarget "ScheduleBuilder" */ = {
			isa = XCConfigurationList;
			buildConfigurations = (
				D9235AA91BE3C6D5007173C9 /* Debug */,
				D9235AAA1BE3C6D5007173C9 /* Release */,
			);
			defaultConfigurationIsVisible = 0;
			defaultConfigurationName = Release;
		};
		D9235AAB1BE3C6D5007173C9 /* Build configuration list for PBXNativeTarget "ScheduleBuilderTests" */ = {
			isa = XCConfigurationList;
			buildConfigurations = (
				D9235AAC1BE3C6D5007173C9 /* Debug */,
				D9235AAD1BE3C6D5007173C9 /* Release */,
			);
			defaultConfigurationIsVisible = 0;
			defaultConfigurationName = Release;
		};
		D9235AAE1BE3C6D5007173C9 /* Build configuration list for PBXNativeTarget "ScheduleBuilderUITests" */ = {
			isa = XCConfigurationList;
			buildConfigurations = (
				D9235AAF1BE3C6D5007173C9 /* Debug */,
				D9235AB01BE3C6D5007173C9 /* Release */,
			);
			defaultConfigurationIsVisible = 0;
			defaultConfigurationName = Release;
		};
/* End XCConfigurationList section */

/* Begin XCVersionGroup section */
		D9235A871BE3C6D5007173C9 /* ScheduleBuilder.xcdatamodeld */ = {
			isa = XCVersionGroup;
			children = (
				D9235A881BE3C6D5007173C9 /* ScheduleBuilder.xcdatamodel */,
			);
			currentVersion = D9235A881BE3C6D5007173C9 /* ScheduleBuilder.xcdatamodel */;
			path = ScheduleBuilder.xcdatamodeld;
			sourceTree = "<group>";
			versionGroupType = wrapper.xcdatamodel;
		};
/* End XCVersionGroup section */
	};
	rootObject = D9235A751BE3C6D5007173C9 /* Project object */;
}
